// !$*UTF8*$!
{
	archiveVersion = 1;
	classes = {
	};
	objectVersion = 52;
	objects = {

/* Begin PBXBuildFile section */
		0924E60B2A1DA4C0001CB497 /* storage.framework in Frameworks */ = {isa = PBXBuildFile; fileRef = 0924E6002A1DA4BF001CB497 /* storage.framework */; };
		0924E60C2A1DA4C0001CB497 /* liblibNativeUI.a in Frameworks */ = {isa = PBXBuildFile; fileRef = 0924E6012A1DA4BF001CB497 /* liblibNativeUI.a */; };
		0924E60D2A1DA4C0001CB497 /* liblibStorage.a in Frameworks */ = {isa = PBXBuildFile; fileRef = 0924E6022A1DA4BF001CB497 /* liblibStorage.a */; };
		0924E60E2A1DA4C0001CB497 /* liblibPDRCore.a in Frameworks */ = {isa = PBXBuildFile; fileRef = 0924E6032A1DA4BF001CB497 /* liblibPDRCore.a */; };
		0924E60F2A1DA4C0001CB497 /* liblibNativeObj.a in Frameworks */ = {isa = PBXBuildFile; fileRef = 0924E6042A1DA4BF001CB497 /* liblibNativeObj.a */; };
		0924E6102A1DA4C0001CB497 /* liblibIO.a in Frameworks */ = {isa = PBXBuildFile; fileRef = 0924E6052A1DA4BF001CB497 /* liblibIO.a */; };
		0924E6112A1DA4C0001CB497 /* liblibWeex.a in Frameworks */ = {isa = PBXBuildFile; fileRef = 0924E6062A1DA4BF001CB497 /* liblibWeex.a */; };
		0924E6122A1DA4C0001CB497 /* libcoreSupport.a in Frameworks */ = {isa = PBXBuildFile; fileRef = 0924E6072A1DA4BF001CB497 /* libcoreSupport.a */; };
		0924E6132A1DA4C0001CB497 /* liblibUI.a in Frameworks */ = {isa = PBXBuildFile; fileRef = 0924E6082A1DA4BF001CB497 /* liblibUI.a */; };
		0924E6142A1DA4C0001CB497 /* liblibNavigator.a in Frameworks */ = {isa = PBXBuildFile; fileRef = 0924E6092A1DA4C0001CB497 /* liblibNavigator.a */; };
		0924E6152A1DA4C0001CB497 /* libSDWebImage.a in Frameworks */ = {isa = PBXBuildFile; fileRef = 0924E60A2A1DA4C0001CB497 /* libSDWebImage.a */; };
		092E741229FB6667004F104A /* JavaScriptCore.framework in Frameworks */ = {isa = PBXBuildFile; fileRef = 092E741129FB6667004F104A /* JavaScriptCore.framework */; };
		092E741429FB667E004F104A /* CoreMedia.framework in Frameworks */ = {isa = PBXBuildFile; fileRef = 092E741329FB667E004F104A /* CoreMedia.framework */; };
		092E741629FB6685004F104A /* MediaPlayer.framework in Frameworks */ = {isa = PBXBuildFile; fileRef = 092E741529FB6685004F104A /* MediaPlayer.framework */; };
		092E741829FB668E004F104A /* AVFoundation.framework in Frameworks */ = {isa = PBXBuildFile; fileRef = 092E741729FB668E004F104A /* AVFoundation.framework */; };
		092E741A29FB6697004F104A /* AVKit.framework in Frameworks */ = {isa = PBXBuildFile; fileRef = 092E741929FB6697004F104A /* AVKit.framework */; };
		092E741C29FB66A0004F104A /* GLKit.framework in Frameworks */ = {isa = PBXBuildFile; fileRef = 092E741B29FB66A0004F104A /* GLKit.framework */; platformFilter = ios; };
		092E741E29FB66AE004F104A /* OpenGLES.framework in Frameworks */ = {isa = PBXBuildFile; fileRef = 092E741D29FB66AE004F104A /* OpenGLES.framework */; platformFilter = ios; };
		092E742029FB6755004F104A /* CoreText.framework in Frameworks */ = {isa = PBXBuildFile; fileRef = 092E741F29FB6755004F104A /* CoreText.framework */; };
		092E742229FB6764004F104A /* QuartzCore.framework in Frameworks */ = {isa = PBXBuildFile; fileRef = 092E742129FB6764004F104A /* QuartzCore.framework */; };
		092E742429FB676D004F104A /* CoreGraphics.framework in Frameworks */ = {isa = PBXBuildFile; fileRef = 092E742329FB676D004F104A /* CoreGraphics.framework */; };
		092E742629FB677C004F104A /* libc++.tbd in Frameworks */ = {isa = PBXBuildFile; fileRef = 092E742529FB677C004F104A /* libc++.tbd */; };
		092E742829FB6784004F104A /* QuickLook.framework in Frameworks */ = {isa = PBXBuildFile; fileRef = 092E742729FB6784004F104A /* QuickLook.framework */; };
		092E742A29FB678D004F104A /* CoreTelephony.framework in Frameworks */ = {isa = PBXBuildFile; fileRef = 092E742929FB678D004F104A /* CoreTelephony.framework */; };
		092E742C29FB6799004F104A /* libiconv.tbd in Frameworks */ = {isa = PBXBuildFile; fileRef = 092E742B29FB6798004F104A /* libiconv.tbd */; };
/* End PBXBuildFile section */

/* Begin PBXCopyFilesBuildPhase section */
		58B511D91A9E6C8500147676 /* CopyFiles */ = {
			isa = PBXCopyFilesBuildPhase;
			buildActionMask = 2147483647;
			dstPath = "include/$(PRODUCT_NAME)";
			dstSubfolderSpec = 16;
			files = (
			);
			runOnlyForDeploymentPostprocessing = 0;
		};
/* End PBXCopyFilesBuildPhase section */

/* Begin PBXFileReference section */
		0924E6002A1DA4BF001CB497 /* storage.framework */ = {isa = PBXFileReference; lastKnownFileType = wrapper.framework; name = storage.framework; path = Libs/storage.framework; sourceTree = "<group>"; };
		0924E6012A1DA4BF001CB497 /* liblibNativeUI.a */ = {isa = PBXFileReference; lastKnownFileType = archive.ar; name = liblibNativeUI.a; path = Libs/liblibNativeUI.a; sourceTree = "<group>"; };
		0924E6022A1DA4BF001CB497 /* liblibStorage.a */ = {isa = PBXFileReference; lastKnownFileType = archive.ar; name = liblibStorage.a; path = Libs/liblibStorage.a; sourceTree = "<group>"; };
		0924E6032A1DA4BF001CB497 /* liblibPDRCore.a */ = {isa = PBXFileReference; lastKnownFileType = archive.ar; name = liblibPDRCore.a; path = Libs/liblibPDRCore.a; sourceTree = "<group>"; };
		0924E6042A1DA4BF001CB497 /* liblibNativeObj.a */ = {isa = PBXFileReference; lastKnownFileType = archive.ar; name = liblibNativeObj.a; path = Libs/liblibNativeObj.a; sourceTree = "<group>"; };
		0924E6052A1DA4BF001CB497 /* liblibIO.a */ = {isa = PBXFileReference; lastKnownFileType = archive.ar; name = liblibIO.a; path = Libs/liblibIO.a; sourceTree = "<group>"; };
		0924E6062A1DA4BF001CB497 /* liblibWeex.a */ = {isa = PBXFileReference; lastKnownFileType = archive.ar; name = liblibWeex.a; path = Libs/liblibWeex.a; sourceTree = "<group>"; };
		0924E6072A1DA4BF001CB497 /* libcoreSupport.a */ = {isa = PBXFileReference; lastKnownFileType = archive.ar; name = libcoreSupport.a; path = Libs/libcoreSupport.a; sourceTree = "<group>"; };
		0924E6082A1DA4BF001CB497 /* liblibUI.a */ = {isa = PBXFileReference; lastKnownFileType = archive.ar; name = liblibUI.a; path = Libs/liblibUI.a; sourceTree = "<group>"; };
		0924E6092A1DA4C0001CB497 /* liblibNavigator.a */ = {isa = PBXFileReference; lastKnownFileType = archive.ar; name = liblibNavigator.a; path = Libs/liblibNavigator.a; sourceTree = "<group>"; };
		0924E60A2A1DA4C0001CB497 /* libSDWebImage.a */ = {isa = PBXFileReference; lastKnownFileType = archive.ar; name = libSDWebImage.a; path = Libs/libSDWebImage.a; sourceTree = "<group>"; };
		092E741129FB6667004F104A /* JavaScriptCore.framework */ = {isa = PBXFileReference; lastKnownFileType = wrapper.framework; name = JavaScriptCore.framework; path = Platforms/MacOSX.platform/Developer/SDKs/MacOSX13.3.sdk/System/iOSSupport/System/Library/Frameworks/JavaScriptCore.framework; sourceTree = DEVELOPER_DIR; };
		092E741329FB667E004F104A /* CoreMedia.framework */ = {isa = PBXFileReference; lastKnownFileType = wrapper.framework; name = CoreMedia.framework; path = Platforms/MacOSX.platform/Developer/SDKs/MacOSX13.3.sdk/System/Library/Frameworks/CoreMedia.framework; sourceTree = DEVELOPER_DIR; };
		092E741529FB6685004F104A /* MediaPlayer.framework */ = {isa = PBXFileReference; lastKnownFileType = wrapper.framework; name = MediaPlayer.framework; path = Platforms/MacOSX.platform/Developer/SDKs/MacOSX13.3.sdk/System/iOSSupport/System/Library/Frameworks/MediaPlayer.framework; sourceTree = DEVELOPER_DIR; };
		092E741729FB668E004F104A /* AVFoundation.framework */ = {isa = PBXFileReference; lastKnownFileType = wrapper.framework; name = AVFoundation.framework; path = Platforms/MacOSX.platform/Developer/SDKs/MacOSX13.3.sdk/System/Library/Frameworks/AVFoundation.framework; sourceTree = DEVELOPER_DIR; };
		092E741929FB6697004F104A /* AVKit.framework */ = {isa = PBXFileReference; lastKnownFileType = wrapper.framework; name = AVKit.framework; path = Platforms/MacOSX.platform/Developer/SDKs/MacOSX13.3.sdk/System/iOSSupport/System/Library/Frameworks/AVKit.framework; sourceTree = DEVELOPER_DIR; };
		092E741B29FB66A0004F104A /* GLKit.framework */ = {isa = PBXFileReference; lastKnownFileType = wrapper.framework; name = GLKit.framework; path = System/Library/Frameworks/GLKit.framework; sourceTree = SDKROOT; };
		092E741D29FB66AE004F104A /* OpenGLES.framework */ = {isa = PBXFileReference; lastKnownFileType = wrapper.framework; name = OpenGLES.framework; path = System/Library/Frameworks/OpenGLES.framework; sourceTree = SDKROOT; };
		092E741F29FB6755004F104A /* CoreText.framework */ = {isa = PBXFileReference; lastKnownFileType = wrapper.framework; name = CoreText.framework; path = Platforms/MacOSX.platform/Developer/SDKs/MacOSX13.3.sdk/System/Library/Frameworks/CoreText.framework; sourceTree = DEVELOPER_DIR; };
		092E742129FB6764004F104A /* QuartzCore.framework */ = {isa = PBXFileReference; lastKnownFileType = wrapper.framework; name = QuartzCore.framework; path = Platforms/MacOSX.platform/Developer/SDKs/MacOSX13.3.sdk/System/Library/Frameworks/QuartzCore.framework; sourceTree = DEVELOPER_DIR; };
		092E742329FB676D004F104A /* CoreGraphics.framework */ = {isa = PBXFileReference; lastKnownFileType = wrapper.framework; name = CoreGraphics.framework; path = Platforms/MacOSX.platform/Developer/SDKs/MacOSX13.3.sdk/System/Library/Frameworks/CoreGraphics.framework; sourceTree = DEVELOPER_DIR; };
		092E742529FB677C004F104A /* libc++.tbd */ = {isa = PBXFileReference; lastKnownFileType = "sourcecode.text-based-dylib-definition"; name = "libc++.tbd"; path = "Platforms/MacOSX.platform/Developer/SDKs/MacOSX13.3.sdk/usr/lib/libc++.tbd"; sourceTree = DEVELOPER_DIR; };
		092E742729FB6784004F104A /* QuickLook.framework */ = {isa = PBXFileReference; lastKnownFileType = wrapper.framework; name = QuickLook.framework; path = Platforms/MacOSX.platform/Developer/SDKs/MacOSX13.3.sdk/System/iOSSupport/System/Library/Frameworks/QuickLook.framework; sourceTree = DEVELOPER_DIR; };
		092E742929FB678D004F104A /* CoreTelephony.framework */ = {isa = PBXFileReference; lastKnownFileType = wrapper.framework; name = CoreTelephony.framework; path = Platforms/MacOSX.platform/Developer/SDKs/MacOSX13.3.sdk/System/Library/Frameworks/CoreTelephony.framework; sourceTree = DEVELOPER_DIR; };
		092E742B29FB6798004F104A /* libiconv.tbd */ = {isa = PBXFileReference; lastKnownFileType = "sourcecode.text-based-dylib-definition"; name = libiconv.tbd; path = Platforms/MacOSX.platform/Developer/SDKs/MacOSX13.3.sdk/usr/lib/libiconv.tbd; sourceTree = DEVELOPER_DIR; };
		092E742E29FB67D4004F104A /* __uniappes6.js */ = {isa = PBXFileReference; fileEncoding = 4; lastKnownFileType = sourcecode.javascript; path = __uniappes6.js; sourceTree = "<group>"; };
		092E742F29FB67D4004F104A /* uni-jsframework.js */ = {isa = PBXFileReference; fileEncoding = 4; lastKnownFileType = sourcecode.javascript; path = "uni-jsframework.js"; sourceTree = "<group>"; };
		092E743029FB67D4004F104A /* PandoraApi.bundle */ = {isa = PBXFileReference; lastKnownFileType = "wrapper.plug-in"; path = PandoraApi.bundle; sourceTree = "<group>"; };
		092E743129FB67D4004F104A /* uni-jsframework-vue3.js */ = {isa = PBXFileReference; fileEncoding = 4; lastKnownFileType = sourcecode.javascript; path = "uni-jsframework-vue3.js"; sourceTree = "<group>"; };
		092E743229FB67D4004F104A /* unincomponents.ttf */ = {isa = PBXFileReference; lastKnownFileType = file; path = unincomponents.ttf; sourceTree = "<group>"; };
		092E743329FB67D4004F104A /* weex-polyfill.js */ = {isa = PBXFileReference; fileEncoding = 4; lastKnownFileType = sourcecode.javascript; path = "weex-polyfill.js"; sourceTree = "<group>"; };
		092E743429FB67D4004F104A /* weexUniJs.js */ = {isa = PBXFileReference; fileEncoding = 4; lastKnownFileType = sourcecode.javascript; path = weexUniJs.js; sourceTree = "<group>"; };
		092E743629FB67FA004F104A /* DCUniMPSDKEngine.h */ = {isa = PBXFileReference; fileEncoding = 4; lastKnownFileType = sourcecode.c.h; path = DCUniMPSDKEngine.h; sourceTree = "<group>"; };
		092E743729FB67FA004F104A /* DCUniMP.h */ = {isa = PBXFileReference; fileEncoding = 4; lastKnownFileType = sourcecode.c.h; path = DCUniMP.h; sourceTree = "<group>"; };
		092E743829FB67FA004F104A /* DCUniMPConfiguration.h */ = {isa = PBXFileReference; fileEncoding = 4; lastKnownFileType = sourcecode.c.h; path = DCUniMPConfiguration.h; sourceTree = "<group>"; };
		092E743929FB67FA004F104A /* DCUniMPInstance.h */ = {isa = PBXFileReference; fileEncoding = 4; lastKnownFileType = sourcecode.c.h; path = DCUniMPInstance.h; sourceTree = "<group>"; };
		092E743B29FB67FA004F104A /* WXModuleProtocol.h */ = {isa = PBXFileReference; fileEncoding = 4; lastKnownFileType = sourcecode.c.h; path = WXModuleProtocol.h; sourceTree = "<group>"; };
		092E743C29FB67FA004F104A /* WXResourceLoader.h */ = {isa = PBXFileReference; fileEncoding = 4; lastKnownFileType = sourcecode.c.h; path = WXResourceLoader.h; sourceTree = "<group>"; };
		092E743D29FB67FA004F104A /* WXApmForInstance.h */ = {isa = PBXFileReference; fileEncoding = 4; lastKnownFileType = sourcecode.c.h; path = WXApmForInstance.h; sourceTree = "<group>"; };
		092E743E29FB67FA004F104A /* WXWebSocketHandler.h */ = {isa = PBXFileReference; fileEncoding = 4; lastKnownFileType = sourcecode.c.h; path = WXWebSocketHandler.h; sourceTree = "<group>"; };
		092E743F29FB67FA004F104A /* WXImgLoaderProtocol.h */ = {isa = PBXFileReference; fileEncoding = 4; lastKnownFileType = sourcecode.c.h; path = WXImgLoaderProtocol.h; sourceTree = "<group>"; };
		092E744029FB67FA004F104A /* WXComponentManager.h */ = {isa = PBXFileReference; fileEncoding = 4; lastKnownFileType = sourcecode.c.h; path = WXComponentManager.h; sourceTree = "<group>"; };
		092E744129FB67FA004F104A /* WXScrollerProtocol.h */ = {isa = PBXFileReference; fileEncoding = 4; lastKnownFileType = sourcecode.c.h; path = WXScrollerProtocol.h; sourceTree = "<group>"; };
		092E744229FB67FA004F104A /* WXRichText.h */ = {isa = PBXFileReference; fileEncoding = 4; lastKnownFileType = sourcecode.c.h; path = WXRichText.h; sourceTree = "<group>"; };
		092E744329FB67FA004F104A /* WXView.h */ = {isa = PBXFileReference; fileEncoding = 4; lastKnownFileType = sourcecode.c.h; path = WXView.h; sourceTree = "<group>"; };
		092E744429FB67FA004F104A /* WXValidateProtocol.h */ = {isa = PBXFileReference; fileEncoding = 4; lastKnownFileType = sourcecode.c.h; path = WXValidateProtocol.h; sourceTree = "<group>"; };
		092E744529FB67FA004F104A /* WXDefine.h */ = {isa = PBXFileReference; fileEncoding = 4; lastKnownFileType = sourcecode.c.h; path = WXDefine.h; sourceTree = "<group>"; };
		092E744629FB67FA004F104A /* JSContext+Weex.h */ = {isa = PBXFileReference; fileEncoding = 4; lastKnownFileType = sourcecode.c.h; path = "JSContext+Weex.h"; sourceTree = "<group>"; };
		092E744729FB67FA004F104A /* WXExtendCallNativeProtocol.h */ = {isa = PBXFileReference; fileEncoding = 4; lastKnownFileType = sourcecode.c.h; path = WXExtendCallNativeProtocol.h; sourceTree = "<group>"; };
		092E744829FB67FA004F104A /* WXSDKEngine.h */ = {isa = PBXFileReference; fileEncoding = 4; lastKnownFileType = sourcecode.c.h; path = WXSDKEngine.h; sourceTree = "<group>"; };
		092E744929FB67FA004F104A /* style.h */ = {isa = PBXFileReference; fileEncoding = 4; lastKnownFileType = sourcecode.c.h; path = style.h; sourceTree = "<group>"; };
		092E744A29FB67FA004F104A /* WXResourceRequestHandler.h */ = {isa = PBXFileReference; fileEncoding = 4; lastKnownFileType = sourcecode.c.h; path = WXResourceRequestHandler.h; sourceTree = "<group>"; };
		092E744B29FB67FA004F104A /* WXDisplayLinkManager.h */ = {isa = PBXFileReference; fileEncoding = 4; lastKnownFileType = sourcecode.c.h; path = WXDisplayLinkManager.h; sourceTree = "<group>"; };
		092E744C29FB67FA004F104A /* WXUtility.h */ = {isa = PBXFileReference; fileEncoding = 4; lastKnownFileType = sourcecode.c.h; path = WXUtility.h; sourceTree = "<group>"; };
		092E744D29FB67FA004F104A /* WXResourceRequest.h */ = {isa = PBXFileReference; fileEncoding = 4; lastKnownFileType = sourcecode.c.h; path = WXResourceRequest.h; sourceTree = "<group>"; };
		092E744E29FB67FA004F104A /* WXConvert.h */ = {isa = PBXFileReference; fileEncoding = 4; lastKnownFileType = sourcecode.c.h; path = WXConvert.h; sourceTree = "<group>"; };
		092E744F29FB67FA004F104A /* WXPageEventNotifyEvent.h */ = {isa = PBXFileReference; fileEncoding = 4; lastKnownFileType = sourcecode.c.h; path = WXPageEventNotifyEvent.h; sourceTree = "<group>"; };
		092E745029FB67FA004F104A /* WXSDKInstance.h */ = {isa = PBXFileReference; fileEncoding = 4; lastKnownFileType = sourcecode.c.h; path = WXSDKInstance.h; sourceTree = "<group>"; };
		092E745129FB67FA004F104A /* WXSDKManager.h */ = {isa = PBXFileReference; fileEncoding = 4; lastKnownFileType = sourcecode.c.h; path = WXSDKManager.h; sourceTree = "<group>"; };
		092E745229FB67FA004F104A /* WXDebugTool.h */ = {isa = PBXFileReference; fileEncoding = 4; lastKnownFileType = sourcecode.c.h; path = WXDebugTool.h; sourceTree = "<group>"; };
		092E745329FB67FA004F104A /* WXType.h */ = {isa = PBXFileReference; fileEncoding = 4; lastKnownFileType = sourcecode.c.h; path = WXType.h; sourceTree = "<group>"; };
		092E745429FB67FA004F104A /* WXApmProtocol.h */ = {isa = PBXFileReference; fileEncoding = 4; lastKnownFileType = sourcecode.c.h; path = WXApmProtocol.h; sourceTree = "<group>"; };
		092E745529FB67FA004F104A /* WXJSFrameworkLoadProtocol.h */ = {isa = PBXFileReference; fileEncoding = 4; lastKnownFileType = sourcecode.c.h; path = WXJSFrameworkLoadProtocol.h; sourceTree = "<group>"; };
		092E745629FB67FA004F104A /* WXExceptionUtils.h */ = {isa = PBXFileReference; fileEncoding = 4; lastKnownFileType = sourcecode.c.h; path = WXExceptionUtils.h; sourceTree = "<group>"; };
		092E745729FB67FA004F104A /* WXIndicatorComponent.h */ = {isa = PBXFileReference; fileEncoding = 4; lastKnownFileType = sourcecode.c.h; path = WXIndicatorComponent.h; sourceTree = "<group>"; };
		092E745829FB67FA004F104A /* WXErrorView.h */ = {isa = PBXFileReference; fileEncoding = 4; lastKnownFileType = sourcecode.c.h; path = WXErrorView.h; sourceTree = "<group>"; };
		092E745929FB67FA004F104A /* NSObject+WXSwizzle.h */ = {isa = PBXFileReference; fileEncoding = 4; lastKnownFileType = sourcecode.c.h; path = "NSObject+WXSwizzle.h"; sourceTree = "<group>"; };
		092E745A29FB67FA004F104A /* WXMonitor.h */ = {isa = PBXFileReference; fileEncoding = 4; lastKnownFileType = sourcecode.c.h; path = WXMonitor.h; sourceTree = "<group>"; };
		092E745B29FB67FA004F104A /* WXSDKInstance+DCExtend.h */ = {isa = PBXFileReference; fileEncoding = 4; lastKnownFileType = sourcecode.c.h; path = "WXSDKInstance+DCExtend.h"; sourceTree = "<group>"; };
		092E745C29FB67FA004F104A /* WXRecyclerComponent.h */ = {isa = PBXFileReference; fileEncoding = 4; lastKnownFileType = sourcecode.c.h; path = WXRecyclerComponent.h; sourceTree = "<group>"; };
		092E745D29FB67FA004F104A /* WXScrollerComponent.h */ = {isa = PBXFileReference; fileEncoding = 4; lastKnownFileType = sourcecode.c.h; path = WXScrollerComponent.h; sourceTree = "<group>"; };
		092E745E29FB67FA004F104A /* WXNetworkProtocol.h */ = {isa = PBXFileReference; fileEncoding = 4; lastKnownFileType = sourcecode.c.h; path = WXNetworkProtocol.h; sourceTree = "<group>"; };
		092E745F29FB67FA004F104A /* WXTracingManager.h */ = {isa = PBXFileReference; fileEncoding = 4; lastKnownFileType = sourcecode.c.h; path = WXTracingManager.h; sourceTree = "<group>"; };
		092E746029FB67FA004F104A /* WXComponent.h */ = {isa = PBXFileReference; fileEncoding = 4; lastKnownFileType = sourcecode.c.h; path = WXComponent.h; sourceTree = "<group>"; };
		092E746129FB67FA004F104A /* WXPrerenderManager.h */ = {isa = PBXFileReference; fileEncoding = 4; lastKnownFileType = sourcecode.c.h; path = WXPrerenderManager.h; sourceTree = "<group>"; };
		092E746229FB67FA004F104A /* WXComponent+Layout.h */ = {isa = PBXFileReference; fileEncoding = 4; lastKnownFileType = sourcecode.c.h; path = "WXComponent+Layout.h"; sourceTree = "<group>"; };
		092E746329FB67FA004F104A /* layout.h */ = {isa = PBXFileReference; fileEncoding = 4; lastKnownFileType = sourcecode.c.h; path = layout.h; sourceTree = "<group>"; };
		092E746429FB67FA004F104A /* WXSDKInstance+Bridge.h */ = {isa = PBXFileReference; fileEncoding = 4; lastKnownFileType = sourcecode.c.h; path = "WXSDKInstance+Bridge.h"; sourceTree = "<group>"; };
		092E746529FB67FA004F104A /* UniPluginProtocol.h */ = {isa = PBXFileReference; fileEncoding = 4; lastKnownFileType = sourcecode.c.h; path = UniPluginProtocol.h; sourceTree = "<group>"; };
		092E746629FB67FA004F104A /* WXModalUIModule.h */ = {isa = PBXFileReference; fileEncoding = 4; lastKnownFileType = sourcecode.c.h; path = WXModalUIModule.h; sourceTree = "<group>"; };
		092E746729FB67FA004F104A /* WXAnalyzerCenter.h */ = {isa = PBXFileReference; fileEncoding = 4; lastKnownFileType = sourcecode.c.h; path = WXAnalyzerCenter.h; sourceTree = "<group>"; };
		092E746829FB67FA004F104A /* WXVoiceOverModule.h */ = {isa = PBXFileReference; fileEncoding = 4; lastKnownFileType = sourcecode.c.h; path = WXVoiceOverModule.h; sourceTree = "<group>"; };
		092E746929FB67FA004F104A /* WXRootView.h */ = {isa = PBXFileReference; fileEncoding = 4; lastKnownFileType = sourcecode.c.h; path = WXRootView.h; sourceTree = "<group>"; };
		092E746A29FB67FA004F104A /* WXAppConfiguration.h */ = {isa = PBXFileReference; fileEncoding = 4; lastKnownFileType = sourcecode.c.h; path = WXAppConfiguration.h; sourceTree = "<group>"; };
		092E746B29FB67FA004F104A /* WXListComponent.h */ = {isa = PBXFileReference; fileEncoding = 4; lastKnownFileType = sourcecode.c.h; path = WXListComponent.h; sourceTree = "<group>"; };
		092E746C29FB67FA004F104A /* WXSDKError.h */ = {isa = PBXFileReference; fileEncoding = 4; lastKnownFileType = sourcecode.c.h; path = WXSDKError.h; sourceTree = "<group>"; };
		092E746D29FB67FA004F104A /* WXRootViewController.h */ = {isa = PBXFileReference; fileEncoding = 4; lastKnownFileType = sourcecode.c.h; path = WXRootViewController.h; sourceTree = "<group>"; };
		092E746E29FB67FA004F104A /* WXNavigationProtocol.h */ = {isa = PBXFileReference; fileEncoding = 4; lastKnownFileType = sourcecode.c.h; path = WXNavigationProtocol.h; sourceTree = "<group>"; };
		092E746F29FB67FA004F104A /* WXAnalyzerProtocol.h */ = {isa = PBXFileReference; fileEncoding = 4; lastKnownFileType = sourcecode.c.h; path = WXAnalyzerProtocol.h; sourceTree = "<group>"; };
		092E747029FB67FA004F104A /* WeexSDK.h */ = {isa = PBXFileReference; fileEncoding = 4; lastKnownFileType = sourcecode.c.h; path = WeexSDK.h; sourceTree = "<group>"; };
		092E747129FB67FA004F104A /* WXBridgeManager.h */ = {isa = PBXFileReference; fileEncoding = 4; lastKnownFileType = sourcecode.c.h; path = WXBridgeManager.h; sourceTree = "<group>"; };
		092E747229FB67FA004F104A /* WXResourceResponse.h */ = {isa = PBXFileReference; fileEncoding = 4; lastKnownFileType = sourcecode.c.h; path = WXResourceResponse.h; sourceTree = "<group>"; };
		092E747329FB67FA004F104A /* WXBaseViewController.h */ = {isa = PBXFileReference; fileEncoding = 4; lastKnownFileType = sourcecode.c.h; path = WXBaseViewController.h; sourceTree = "<group>"; };
		092E747429FB67FA004F104A /* WXAppMonitorProtocol.h */ = {isa = PBXFileReference; fileEncoding = 4; lastKnownFileType = sourcecode.c.h; path = WXAppMonitorProtocol.h; sourceTree = "<group>"; };
		092E747529FB67FA004F104A /* WeexProtocol.h */ = {isa = PBXFileReference; fileEncoding = 4; lastKnownFileType = sourcecode.c.h; path = WeexProtocol.h; sourceTree = "<group>"; };
		092E747629FB67FA004F104A /* WXJSExceptionProtocol.h */ = {isa = PBXFileReference; fileEncoding = 4; lastKnownFileType = sourcecode.c.h; path = WXJSExceptionProtocol.h; sourceTree = "<group>"; };
		092E747729FB67FA004F104A /* WXJSExceptionInfo.h */ = {isa = PBXFileReference; fileEncoding = 4; lastKnownFileType = sourcecode.c.h; path = WXJSExceptionInfo.h; sourceTree = "<group>"; };
		092E747829FB67FA004F104A /* WXTracingProtocol.h */ = {isa = PBXFileReference; fileEncoding = 4; lastKnownFileType = sourcecode.c.h; path = WXTracingProtocol.h; sourceTree = "<group>"; };
		092E747929FB67FA004F104A /* flex_enum.h */ = {isa = PBXFileReference; fileEncoding = 4; lastKnownFileType = sourcecode.c.h; path = flex_enum.h; sourceTree = "<group>"; };
		092E747A29FB67FA004F104A /* WXConfigCenterProtocol.h */ = {isa = PBXFileReference; fileEncoding = 4; lastKnownFileType = sourcecode.c.h; path = WXConfigCenterProtocol.h; sourceTree = "<group>"; };
		092E747B29FB67FA004F104A /* WXEventModuleProtocol.h */ = {isa = PBXFileReference; fileEncoding = 4; lastKnownFileType = sourcecode.c.h; path = WXEventModuleProtocol.h; sourceTree = "<group>"; };
		092E747C29FB67FA004F104A /* WXURLRewriteProtocol.h */ = {isa = PBXFileReference; fileEncoding = 4; lastKnownFileType = sourcecode.c.h; path = WXURLRewriteProtocol.h; sourceTree = "<group>"; };
		092E747D29FB67FA004F104A /* WXAComponent.h */ = {isa = PBXFileReference; fileEncoding = 4; lastKnownFileType = sourcecode.c.h; path = WXAComponent.h; sourceTree = "<group>"; };
		092E747E29FB67FA004F104A /* WXBridgeProtocol.h */ = {isa = PBXFileReference; fileEncoding = 4; lastKnownFileType = sourcecode.c.h; path = WXBridgeProtocol.h; sourceTree = "<group>"; };
		092E747F29FB67FA004F104A /* DCUniMPError.h */ = {isa = PBXFileReference; fileEncoding = 4; lastKnownFileType = sourcecode.c.h; path = DCUniMPError.h; sourceTree = "<group>"; };
		092E748029FB67FA004F104A /* DCUniMPMenuActionSheetStyle.h */ = {isa = PBXFileReference; fileEncoding = 4; lastKnownFileType = sourcecode.c.h; path = DCUniMPMenuActionSheetStyle.h; sourceTree = "<group>"; };
		134814201AA4EA6300B7C361 /* libUnimp.a */ = {isa = PBXFileReference; explicitFileType = archive.ar; includeInIndex = 0; path = libUnimp.a; sourceTree = BUILT_PRODUCTS_DIR; };
		B3E7B5881CC2AC0600A0062D /* Unimp.h */ = {isa = PBXFileReference; fileEncoding = 4; lastKnownFileType = sourcecode.c.h; path = Unimp.h; sourceTree = "<group>"; };
		B3E7B5891CC2AC0600A0062D /* Unimp.m */ = {isa = PBXFileReference; fileEncoding = 4; lastKnownFileType = sourcecode.c.objc; path = Unimp.m; sourceTree = "<group>"; };
/* End PBXFileReference section */

/* Begin PBXFrameworksBuildPhase section */
		58B511D81A9E6C8500147676 /* Frameworks */ = {
			isa = PBXFrameworksBuildPhase;
			buildActionMask = 2147483647;
			files = (
				0924E60B2A1DA4C0001CB497 /* storage.framework in Frameworks */,
				0924E60C2A1DA4C0001CB497 /* liblibNativeUI.a in Frameworks */,
				0924E60D2A1DA4C0001CB497 /* liblibStorage.a in Frameworks */,
				0924E60E2A1DA4C0001CB497 /* liblibPDRCore.a in Frameworks */,
				0924E60F2A1DA4C0001CB497 /* liblibNativeObj.a in Frameworks */,
				0924E6102A1DA4C0001CB497 /* liblibIO.a in Frameworks */,
				0924E6112A1DA4C0001CB497 /* liblibWeex.a in Frameworks */,
				0924E6122A1DA4C0001CB497 /* libcoreSupport.a in Frameworks */,
				0924E6132A1DA4C0001CB497 /* liblibUI.a in Frameworks */,
				0924E6142A1DA4C0001CB497 /* liblibNavigator.a in Frameworks */,
				0924E6152A1DA4C0001CB497 /* libSDWebImage.a in Frameworks */,
				092E742C29FB6799004F104A /* libiconv.tbd in Frameworks */,
				092E742A29FB678D004F104A /* CoreTelephony.framework in Frameworks */,
				092E742829FB6784004F104A /* QuickLook.framework in Frameworks */,
				092E742629FB677C004F104A /* libc++.tbd in Frameworks */,
				092E742429FB676D004F104A /* CoreGraphics.framework in Frameworks */,
				092E742229FB6764004F104A /* QuartzCore.framework in Frameworks */,
				092E742029FB6755004F104A /* CoreText.framework in Frameworks */,
				092E741E29FB66AE004F104A /* OpenGLES.framework in Frameworks */,
				092E741C29FB66A0004F104A /* GLKit.framework in Frameworks */,
				092E741A29FB6697004F104A /* AVKit.framework in Frameworks */,
				092E741829FB668E004F104A /* AVFoundation.framework in Frameworks */,
				092E741629FB6685004F104A /* MediaPlayer.framework in Frameworks */,
				092E741429FB667E004F104A /* CoreMedia.framework in Frameworks */,
				092E741229FB6667004F104A /* JavaScriptCore.framework in Frameworks */,
			);
			runOnlyForDeploymentPostprocessing = 0;
		};
/* End PBXFrameworksBuildPhase section */

/* Begin PBXGroup section */
		092E73FA29FB664B004F104A /* Frameworks */ = {
			isa = PBXGroup;
			children = (
				0924E6072A1DA4BF001CB497 /* libcoreSupport.a */,
				0924E6052A1DA4BF001CB497 /* liblibIO.a */,
				0924E6042A1DA4BF001CB497 /* liblibNativeObj.a */,
				0924E6012A1DA4BF001CB497 /* liblibNativeUI.a */,
				0924E6092A1DA4C0001CB497 /* liblibNavigator.a */,
				0924E6032A1DA4BF001CB497 /* liblibPDRCore.a */,
				0924E6022A1DA4BF001CB497 /* liblibStorage.a */,
				0924E6082A1DA4BF001CB497 /* liblibUI.a */,
				0924E6062A1DA4BF001CB497 /* liblibWeex.a */,
				0924E60A2A1DA4C0001CB497 /* libSDWebImage.a */,
				0924E6002A1DA4BF001CB497 /* storage.framework */,
				092E742B29FB6798004F104A /* libiconv.tbd */,
				092E742929FB678D004F104A /* CoreTelephony.framework */,
				092E742729FB6784004F104A /* QuickLook.framework */,
				092E742529FB677C004F104A /* libc++.tbd */,
				092E742329FB676D004F104A /* CoreGraphics.framework */,
				092E742129FB6764004F104A /* QuartzCore.framework */,
				092E741F29FB6755004F104A /* CoreText.framework */,
				092E741D29FB66AE004F104A /* OpenGLES.framework */,
				092E741B29FB66A0004F104A /* GLKit.framework */,
				092E741929FB6697004F104A /* AVKit.framework */,
				092E741729FB668E004F104A /* AVFoundation.framework */,
				092E741529FB6685004F104A /* MediaPlayer.framework */,
				092E741329FB667E004F104A /* CoreMedia.framework */,
				092E741129FB6667004F104A /* JavaScriptCore.framework */,
			);
			name = Frameworks;
			sourceTree = "<group>";
		};
		092E742D29FB67D4004F104A /* Resources */ = {
			isa = PBXGroup;
			children = (
				092E742E29FB67D4004F104A /* __uniappes6.js */,
				092E742F29FB67D4004F104A /* uni-jsframework.js */,
				092E743029FB67D4004F104A /* PandoraApi.bundle */,
				092E743129FB67D4004F104A /* uni-jsframework-vue3.js */,
				092E743229FB67D4004F104A /* unincomponents.ttf */,
				092E743329FB67D4004F104A /* weex-polyfill.js */,
				092E743429FB67D4004F104A /* weexUniJs.js */,
			);
			path = Resources;
			sourceTree = "<group>";
		};
		092E743529FB67FA004F104A /* Headers */ = {
			isa = PBXGroup;
			children = (
				092E743629FB67FA004F104A /* DCUniMPSDKEngine.h */,
				092E743729FB67FA004F104A /* DCUniMP.h */,
				092E743829FB67FA004F104A /* DCUniMPConfiguration.h */,
				092E743929FB67FA004F104A /* DCUniMPInstance.h */,
				092E743A29FB67FA004F104A /* weexHeader */,
				092E747F29FB67FA004F104A /* DCUniMPError.h */,
				092E748029FB67FA004F104A /* DCUniMPMenuActionSheetStyle.h */,
			);
			path = Headers;
			sourceTree = "<group>";
		};
		092E743A29FB67FA004F104A /* weexHeader */ = {
			isa = PBXGroup;
			children = (
				092E743B29FB67FA004F104A /* WXModuleProtocol.h */,
				092E743C29FB67FA004F104A /* WXResourceLoader.h */,
				092E743D29FB67FA004F104A /* WXApmForInstance.h */,
				092E743E29FB67FA004F104A /* WXWebSocketHandler.h */,
				092E743F29FB67FA004F104A /* WXImgLoaderProtocol.h */,
				092E744029FB67FA004F104A /* WXComponentManager.h */,
				092E744129FB67FA004F104A /* WXScrollerProtocol.h */,
				092E744229FB67FA004F104A /* WXRichText.h */,
				092E744329FB67FA004F104A /* WXView.h */,
				092E744429FB67FA004F104A /* WXValidateProtocol.h */,
				092E744529FB67FA004F104A /* WXDefine.h */,
				092E744629FB67FA004F104A /* JSContext+Weex.h */,
				092E744729FB67FA004F104A /* WXExtendCallNativeProtocol.h */,
				092E744829FB67FA004F104A /* WXSDKEngine.h */,
				092E744929FB67FA004F104A /* style.h */,
				092E744A29FB67FA004F104A /* WXResourceRequestHandler.h */,
				092E744B29FB67FA004F104A /* WXDisplayLinkManager.h */,
				092E744C29FB67FA004F104A /* WXUtility.h */,
				092E744D29FB67FA004F104A /* WXResourceRequest.h */,
				092E744E29FB67FA004F104A /* WXConvert.h */,
				092E744F29FB67FA004F104A /* WXPageEventNotifyEvent.h */,
				092E745029FB67FA004F104A /* WXSDKInstance.h */,
				092E745129FB67FA004F104A /* WXSDKManager.h */,
				092E745229FB67FA004F104A /* WXDebugTool.h */,
				092E745329FB67FA004F104A /* WXType.h */,
				092E745429FB67FA004F104A /* WXApmProtocol.h */,
				092E745529FB67FA004F104A /* WXJSFrameworkLoadProtocol.h */,
				092E745629FB67FA004F104A /* WXExceptionUtils.h */,
				092E745729FB67FA004F104A /* WXIndicatorComponent.h */,
				092E745829FB67FA004F104A /* WXErrorView.h */,
				092E745929FB67FA004F104A /* NSObject+WXSwizzle.h */,
				092E745A29FB67FA004F104A /* WXMonitor.h */,
				092E745B29FB67FA004F104A /* WXSDKInstance+DCExtend.h */,
				092E745C29FB67FA004F104A /* WXRecyclerComponent.h */,
				092E745D29FB67FA004F104A /* WXScrollerComponent.h */,
				092E745E29FB67FA004F104A /* WXNetworkProtocol.h */,
				092E745F29FB67FA004F104A /* WXTracingManager.h */,
				092E746029FB67FA004F104A /* WXComponent.h */,
				092E746129FB67FA004F104A /* WXPrerenderManager.h */,
				092E746229FB67FA004F104A /* WXComponent+Layout.h */,
				092E746329FB67FA004F104A /* layout.h */,
				092E746429FB67FA004F104A /* WXSDKInstance+Bridge.h */,
				092E746529FB67FA004F104A /* UniPluginProtocol.h */,
				092E746629FB67FA004F104A /* WXModalUIModule.h */,
				092E746729FB67FA004F104A /* WXAnalyzerCenter.h */,
				092E746829FB67FA004F104A /* WXVoiceOverModule.h */,
				092E746929FB67FA004F104A /* WXRootView.h */,
				092E746A29FB67FA004F104A /* WXAppConfiguration.h */,
				092E746B29FB67FA004F104A /* WXListComponent.h */,
				092E746C29FB67FA004F104A /* WXSDKError.h */,
				092E746D29FB67FA004F104A /* WXRootViewController.h */,
				092E746E29FB67FA004F104A /* WXNavigationProtocol.h */,
				092E746F29FB67FA004F104A /* WXAnalyzerProtocol.h */,
				092E747029FB67FA004F104A /* WeexSDK.h */,
				092E747129FB67FA004F104A /* WXBridgeManager.h */,
				092E747229FB67FA004F104A /* WXResourceResponse.h */,
				092E747329FB67FA004F104A /* WXBaseViewController.h */,
				092E747429FB67FA004F104A /* WXAppMonitorProtocol.h */,
				092E747529FB67FA004F104A /* WeexProtocol.h */,
				092E747629FB67FA004F104A /* WXJSExceptionProtocol.h */,
				092E747729FB67FA004F104A /* WXJSExceptionInfo.h */,
				092E747829FB67FA004F104A /* WXTracingProtocol.h */,
				092E747929FB67FA004F104A /* flex_enum.h */,
				092E747A29FB67FA004F104A /* WXConfigCenterProtocol.h */,
				092E747B29FB67FA004F104A /* WXEventModuleProtocol.h */,
				092E747C29FB67FA004F104A /* WXURLRewriteProtocol.h */,
				092E747D29FB67FA004F104A /* WXAComponent.h */,
				092E747E29FB67FA004F104A /* WXBridgeProtocol.h */,
			);
			path = weexHeader;
			sourceTree = "<group>";
		};
		134814211AA4EA7D00B7C361 /* Products */ = {
			isa = PBXGroup;
			children = (
				134814201AA4EA6300B7C361 /* libUnimp.a */,
			);
			name = Products;
			sourceTree = "<group>";
		};
		58B511D21A9E6C8500147676 = {
			isa = PBXGroup;
			children = (
				B3E7B5881CC2AC0600A0062D /* Unimp.h */,
				B3E7B5891CC2AC0600A0062D /* Unimp.m */,
				134814211AA4EA7D00B7C361 /* Products */,
				092E743529FB67FA004F104A /* Headers */,
				092E742D29FB67D4004F104A /* Resources */,
				092E73FA29FB664B004F104A /* Frameworks */,
			);
			sourceTree = "<group>";
		};
/* End PBXGroup section */

/* Begin PBXNativeTarget section */
		58B511DA1A9E6C8500147676 /* Unimp */ = {
			isa = PBXNativeTarget;
			buildConfigurationList = 58B511EF1A9E6C8500147676 /* Build configuration list for PBXNativeTarget "Unimp" */;
			buildPhases = (
				58B511D71A9E6C8500147676 /* Sources */,
				58B511D81A9E6C8500147676 /* Frameworks */,
				58B511D91A9E6C8500147676 /* CopyFiles */,
			);
			buildRules = (
			);
			dependencies = (
			);
			name = Unimp;
			productName = RCTDataManager;
			productReference = 134814201AA4EA6300B7C361 /* libUnimp.a */;
			productType = "com.apple.product-type.library.static";
		};
/* End PBXNativeTarget section */

/* Begin PBXProject section */
		58B511D31A9E6C8500147676 /* Project object */ = {
			isa = PBXProject;
			attributes = {
				LastUpgradeCheck = 0920;
				ORGANIZATIONNAME = Facebook;
				TargetAttributes = {
					58B511DA1A9E6C8500147676 = {
						CreatedOnToolsVersion = 6.1.1;
					};
				};
			};
			buildConfigurationList = 58B511D61A9E6C8500147676 /* Build configuration list for PBXProject "Unimp" */;
			compatibilityVersion = "Xcode 3.2";
			developmentRegion = English;
			hasScannedForEncodings = 0;
			knownRegions = (
				English,
				en,
			);
			mainGroup = 58B511D21A9E6C8500147676;
			productRefGroup = 58B511D21A9E6C8500147676;
			projectDirPath = "";
			projectRoot = "";
			targets = (
				58B511DA1A9E6C8500147676 /* Unimp */,
			);
		};
/* End PBXProject section */

/* Begin PBXSourcesBuildPhase section */
		58B511D71A9E6C8500147676 /* Sources */ = {
			isa = PBXSourcesBuildPhase;
			buildActionMask = 2147483647;
			files = (
			);
			runOnlyForDeploymentPostprocessing = 0;
		};
/* End PBXSourcesBuildPhase section */

/* Begin XCBuildConfiguration section */
		58B511ED1A9E6C8500147676 /* Debug */ = {
			isa = XCBuildConfiguration;
			buildSettings = {
				ALWAYS_SEARCH_USER_PATHS = NO;
				CLANG_CXX_LANGUAGE_STANDARD = "gnu++0x";
				CLANG_CXX_LIBRARY = "libc++";
				CLANG_ENABLE_MODULES = YES;
				CLANG_ENABLE_OBJC_ARC = YES;
				CLANG_WARN_BLOCK_CAPTURE_AUTORELEASING = YES;
				CLANG_WARN_BOOL_CONVERSION = YES;
				CLANG_WARN_COMMA = YES;
				CLANG_WARN_CONSTANT_CONVERSION = YES;
				CLANG_WARN_DIRECT_OBJC_ISA_USAGE = YES_ERROR;
				CLANG_WARN_EMPTY_BODY = YES;
				CLANG_WARN_ENUM_CONVERSION = YES;
				CLANG_WARN_INFINITE_RECURSION = YES;
				CLANG_WARN_INT_CONVERSION = YES;
				CLANG_WARN_NON_LITERAL_NULL_CONVERSION = YES;
				CLANG_WARN_OBJC_LITERAL_CONVERSION = YES;
				CLANG_WARN_OBJC_ROOT_CLASS = YES_ERROR;
				CLANG_WARN_RANGE_LOOP_ANALYSIS = YES;
				CLANG_WARN_STRICT_PROTOTYPES = YES;
				CLANG_WARN_SUSPICIOUS_MOVE = YES;
				CLANG_WARN_UNREACHABLE_CODE = YES;
				CLANG_WARN__DUPLICATE_METHOD_MATCH = YES;
				COPY_PHASE_STRIP = NO;
				ENABLE_STRICT_OBJC_MSGSEND = YES;
				ENABLE_TESTABILITY = YES;
				"EXCLUDED_ARCHS[sdk=*]" = arm64;
				GCC_C_LANGUAGE_STANDARD = gnu99;
				GCC_DYNAMIC_NO_PIC = NO;
				GCC_NO_COMMON_BLOCKS = YES;
				GCC_OPTIMIZATION_LEVEL = 0;
				GCC_PREPROCESSOR_DEFINITIONS = (
					"DEBUG=1",
					"$(inherited)",
				);
				GCC_SYMBOLS_PRIVATE_EXTERN = NO;
				GCC_WARN_64_TO_32_BIT_CONVERSION = YES;
				GCC_WARN_ABOUT_RETURN_TYPE = YES_ERROR;
				GCC_WARN_UNDECLARED_SELECTOR = YES;
				GCC_WARN_UNINITIALIZED_AUTOS = YES_AGGRESSIVE;
				GCC_WARN_UNUSED_FUNCTION = YES;
				GCC_WARN_UNUSED_VARIABLE = YES;
				IPHONEOS_DEPLOYMENT_TARGET = 8.0;
				MTL_ENABLE_DEBUG_INFO = YES;
				ONLY_ACTIVE_ARCH = YES;
				SDKROOT = iphoneos;
			};
			name = Debug;
		};
		58B511EE1A9E6C8500147676 /* Release */ = {
			isa = XCBuildConfiguration;
			buildSettings = {
				ALWAYS_SEARCH_USER_PATHS = NO;
				CLANG_CXX_LANGUAGE_STANDARD = "gnu++0x";
				CLANG_CXX_LIBRARY = "libc++";
				CLANG_ENABLE_MODULES = YES;
				CLANG_ENABLE_OBJC_ARC = YES;
				CLANG_WARN_BLOCK_CAPTURE_AUTORELEASING = YES;
				CLANG_WARN_BOOL_CONVERSION = YES;
				CLANG_WARN_COMMA = YES;
				CLANG_WARN_CONSTANT_CONVERSION = YES;
				CLANG_WARN_DIRECT_OBJC_ISA_USAGE = YES_ERROR;
				CLANG_WARN_EMPTY_BODY = YES;
				CLANG_WARN_ENUM_CONVERSION = YES;
				CLANG_WARN_INFINITE_RECURSION = YES;
				CLANG_WARN_INT_CONVERSION = YES;
				CLANG_WARN_NON_LITERAL_NULL_CONVERSION = YES;
				CLANG_WARN_OBJC_LITERAL_CONVERSION = YES;
				CLANG_WARN_OBJC_ROOT_CLASS = YES_ERROR;
				CLANG_WARN_RANGE_LOOP_ANALYSIS = YES;
				CLANG_WARN_STRICT_PROTOTYPES = YES;
				CLANG_WARN_SUSPICIOUS_MOVE = YES;
				CLANG_WARN_UNREACHABLE_CODE = YES;
				CLANG_WARN__DUPLICATE_METHOD_MATCH = YES;
				COPY_PHASE_STRIP = YES;
				ENABLE_NS_ASSERTIONS = NO;
				ENABLE_STRICT_OBJC_MSGSEND = YES;
				"EXCLUDED_ARCHS[sdk=*]" = arm64;
				GCC_C_LANGUAGE_STANDARD = gnu99;
				GCC_NO_COMMON_BLOCKS = YES;
				GCC_WARN_64_TO_32_BIT_CONVERSION = YES;
				GCC_WARN_ABOUT_RETURN_TYPE = YES_ERROR;
				GCC_WARN_UNDECLARED_SELECTOR = YES;
				GCC_WARN_UNINITIALIZED_AUTOS = YES_AGGRESSIVE;
				GCC_WARN_UNUSED_FUNCTION = YES;
				GCC_WARN_UNUSED_VARIABLE = YES;
				IPHONEOS_DEPLOYMENT_TARGET = 8.0;
				MTL_ENABLE_DEBUG_INFO = NO;
				SDKROOT = iphoneos;
				VALIDATE_PRODUCT = YES;
			};
			name = Release;
		};
		58B511F01A9E6C8500147676 /* Debug */ = {
			isa = XCBuildConfiguration;
			buildSettings = {
				FRAMEWORK_SEARCH_PATHS = (
					"$(inherited)",
					"$(PROJECT_DIR)/Libs",
				);
				HEADER_SEARCH_PATHS = (
					"$(inherited)",
					/Applications/Xcode.app/Contents/Developer/Toolchains/XcodeDefault.xctoolchain/usr/include,
					"$(SRCROOT)/../../../React/**",
					"$(SRCROOT)/../../react-native/React/**",
				);
				LIBRARY_SEARCH_PATHS = (
					"$(inherited)",
					"$(PROJECT_DIR)/Libs",
				);
				OTHER_LDFLAGS = "-ObjC";
				PRODUCT_NAME = Unimp;
				SKIP_INSTALL = YES;
			};
			name = Debug;
		};
		58B511F11A9E6C8500147676 /* Release */ = {
			isa = XCBuildConfiguration;
			buildSettings = {
				FRAMEWORK_SEARCH_PATHS = (
					"$(inherited)",
					"$(PROJECT_DIR)/Libs",
				);
				HEADER_SEARCH_PATHS = (
					"$(inherited)",
					/Applications/Xcode.app/Contents/Developer/Toolchains/XcodeDefault.xctoolchain/usr/include,
					"$(SRCROOT)/../../../React/**",
					"$(SRCROOT)/../../react-native/React/**",
				);
				LIBRARY_SEARCH_PATHS = (
					"$(inherited)",
					"$(PROJECT_DIR)/Libs",
				);
				OTHER_LDFLAGS = "-ObjC";
				PRODUCT_NAME = Unimp;
				SKIP_INSTALL = YES;
			};
			name = Release;
		};
/* End XCBuildConfiguration section */

/* Begin XCConfigurationList section */
		58B511D61A9E6C8500147676 /* Build configuration list for PBXProject "Unimp" */ = {
			isa = XCConfigurationList;
			buildConfigurations = (
				58B511ED1A9E6C8500147676 /* Debug */,
				58B511EE1A9E6C8500147676 /* Release */,
			);
			defaultConfigurationIsVisible = 0;
			defaultConfigurationName = Release;
		};
		58B511EF1A9E6C8500147676 /* Build configuration list for PBXNativeTarget "Unimp" */ = {
			isa = XCConfigurationList;
			buildConfigurations = (
				58B511F01A9E6C8500147676 /* Debug */,
				58B511F11A9E6C8500147676 /* Release */,
			);
			defaultConfigurationIsVisible = 0;
			defaultConfigurationName = Release;
		};
/* End XCConfigurationList section */
	};
	rootObject = 58B511D31A9E6C8500147676 /* Project object */;
}
