// !$*UTF8*$!
{
	archiveVersion = 1;
	classes = {
	};
	objectVersion = 52;
	objects = {

/* Begin PBXBuildFile section */
		09BCD0B62A24819800C36349 /* liblibUI.a in Frameworks */ = {isa = PBXBuildFile; fileRef = 09BCD0AB2A24819800C36349 /* liblibUI.a */; };
		09BCD0B72A24819800C36349 /* liblibNativeUI.a in Frameworks */ = {isa = PBXBuildFile; fileRef = 09BCD0AC2A24819800C36349 /* liblibNativeUI.a */; };
		09BCD0B82A24819800C36349 /* liblibIO.a in Frameworks */ = {isa = PBXBuildFile; fileRef = 09BCD0AD2A24819800C36349 /* liblibIO.a */; };
		09BCD0B92A24819800C36349 /* liblibPDRCore.a in Frameworks */ = {isa = PBXBuildFile; fileRef = 09BCD0AE2A24819800C36349 /* liblibPDRCore.a */; };
		09BCD0BA2A24819800C36349 /* libSDWebImage.a in Frameworks */ = {isa = PBXBuildFile; fileRef = 09BCD0AF2A24819800C36349 /* libSDWebImage.a */; };
		09BCD0BB2A24819800C36349 /* liblibWeex.a in Frameworks */ = {isa = PBXBuildFile; fileRef = 09BCD0B02A24819800C36349 /* liblibWeex.a */; };
		09BCD0BC2A24819800C36349 /* storage.framework in Frameworks */ = {isa = PBXBuildFile; fileRef = 09BCD0B12A24819800C36349 /* storage.framework */; };
		09BCD0BD2A24819800C36349 /* liblibNativeObj.a in Frameworks */ = {isa = PBXBuildFile; fileRef = 09BCD0B22A24819800C36349 /* liblibNativeObj.a */; };
		09BCD0BE2A24819800C36349 /* liblibStorage.a in Frameworks */ = {isa = PBXBuildFile; fileRef = 09BCD0B32A24819800C36349 /* liblibStorage.a */; };
		09BCD0BF2A24819800C36349 /* liblibNavigator.a in Frameworks */ = {isa = PBXBuildFile; fileRef = 09BCD0B42A24819800C36349 /* liblibNavigator.a */; };
		09BCD0C12A2489DA00C36349 /* JavaScriptCore.framework in Frameworks */ = {isa = PBXBuildFile; fileRef = 09BCD0C02A2489DA00C36349 /* JavaScriptCore.framework */; };
		09BCD0C32A2489E000C36349 /* CoreMedia.framework in Frameworks */ = {isa = PBXBuildFile; fileRef = 09BCD0C22A2489E000C36349 /* CoreMedia.framework */; };
		09BCD0C52A2489E400C36349 /* MediaPlayer.framework in Frameworks */ = {isa = PBXBuildFile; fileRef = 09BCD0C42A2489E400C36349 /* MediaPlayer.framework */; };
		09BCD0C72A2489E900C36349 /* AVFoundation.framework in Frameworks */ = {isa = PBXBuildFile; fileRef = 09BCD0C62A2489E900C36349 /* AVFoundation.framework */; };
		09BCD0C92A2489EE00C36349 /* AVKit.framework in Frameworks */ = {isa = PBXBuildFile; fileRef = 09BCD0C82A2489EE00C36349 /* AVKit.framework */; };
		09BCD0CB2A2489F300C36349 /* GLKit.framework in Frameworks */ = {isa = PBXBuildFile; fileRef = 09BCD0CA2A2489F300C36349 /* GLKit.framework */; platformFilter = ios; };
		09BCD0CD2A2489F800C36349 /* OpenGLES.framework in Frameworks */ = {isa = PBXBuildFile; fileRef = 09BCD0CC2A2489F800C36349 /* OpenGLES.framework */; platformFilter = ios; };
		09BCD0CF2A2489FD00C36349 /* CoreText.framework in Frameworks */ = {isa = PBXBuildFile; fileRef = 09BCD0CE2A2489FD00C36349 /* CoreText.framework */; };
		09BCD0D12A248A0200C36349 /* QuartzCore.framework in Frameworks */ = {isa = PBXBuildFile; fileRef = 09BCD0D02A248A0200C36349 /* QuartzCore.framework */; };
		09BCD0D32A248A0600C36349 /* CoreGraphics.framework in Frameworks */ = {isa = PBXBuildFile; fileRef = 09BCD0D22A248A0600C36349 /* CoreGraphics.framework */; };
		09BCD0D52A248A0D00C36349 /* libc++.tbd in Frameworks */ = {isa = PBXBuildFile; fileRef = 09BCD0D42A248A0D00C36349 /* libc++.tbd */; };
		09BCD0D72A248A1200C36349 /* QuickLook.framework in Frameworks */ = {isa = PBXBuildFile; fileRef = 09BCD0D62A248A1200C36349 /* QuickLook.framework */; };
		09BCD0D92A248A1900C36349 /* CoreTelephony.framework in Frameworks */ = {isa = PBXBuildFile; fileRef = 09BCD0D82A248A1900C36349 /* CoreTelephony.framework */; };
		09BCD0DB2A248A1E00C36349 /* libiconv.tbd in Frameworks */ = {isa = PBXBuildFile; fileRef = 09BCD0DA2A248A1E00C36349 /* libiconv.tbd */; };
		09BCE5852A208C6D008320A3 /* UniMP.m in Sources */ = {isa = PBXBuildFile; fileRef = B3E7B5891CC2AC0600A0062D /* UniMP.m */; };
/* End PBXBuildFile section */

/* Begin PBXCopyFilesBuildPhase section */
		58B511D91A9E6C8500147676 /* CopyFiles */ = {
			isa = PBXCopyFilesBuildPhase;
			buildActionMask = 2147483647;
			dstPath = "include/$(PRODUCT_NAME)";
			dstSubfolderSpec = 16;
			files = (
			);
			runOnlyForDeploymentPostprocessing = 0;
		};
/* End PBXCopyFilesBuildPhase section */

/* Begin PBXFileReference section */
		09BCCFF52A247E8D00C36349 /* DCUniMPSDKEngine.h */ = {isa = PBXFileReference; fileEncoding = 4; lastKnownFileType = sourcecode.c.h; path = DCUniMPSDKEngine.h; sourceTree = "<group>"; };
		09BCCFF62A247E8D00C36349 /* DCUniMP.h */ = {isa = PBXFileReference; fileEncoding = 4; lastKnownFileType = sourcecode.c.h; path = DCUniMP.h; sourceTree = "<group>"; };
		09BCCFF72A247E8D00C36349 /* DCUniMPConfiguration.h */ = {isa = PBXFileReference; fileEncoding = 4; lastKnownFileType = sourcecode.c.h; path = DCUniMPConfiguration.h; sourceTree = "<group>"; };
		09BCCFF82A247E8D00C36349 /* DCUniMPInstance.h */ = {isa = PBXFileReference; fileEncoding = 4; lastKnownFileType = sourcecode.c.h; path = DCUniMPInstance.h; sourceTree = "<group>"; };
		09BCCFFA2A247E8D00C36349 /* WXModuleProtocol.h */ = {isa = PBXFileReference; fileEncoding = 4; lastKnownFileType = sourcecode.c.h; path = WXModuleProtocol.h; sourceTree = "<group>"; };
		09BCCFFB2A247E8D00C36349 /* WXResourceLoader.h */ = {isa = PBXFileReference; fileEncoding = 4; lastKnownFileType = sourcecode.c.h; path = WXResourceLoader.h; sourceTree = "<group>"; };
		09BCCFFC2A247E8D00C36349 /* WXApmForInstance.h */ = {isa = PBXFileReference; fileEncoding = 4; lastKnownFileType = sourcecode.c.h; path = WXApmForInstance.h; sourceTree = "<group>"; };
		09BCCFFD2A247E8D00C36349 /* WXWebSocketHandler.h */ = {isa = PBXFileReference; fileEncoding = 4; lastKnownFileType = sourcecode.c.h; path = WXWebSocketHandler.h; sourceTree = "<group>"; };
		09BCCFFE2A247E8D00C36349 /* WXImgLoaderProtocol.h */ = {isa = PBXFileReference; fileEncoding = 4; lastKnownFileType = sourcecode.c.h; path = WXImgLoaderProtocol.h; sourceTree = "<group>"; };
		09BCCFFF2A247E8D00C36349 /* WXComponentManager.h */ = {isa = PBXFileReference; fileEncoding = 4; lastKnownFileType = sourcecode.c.h; path = WXComponentManager.h; sourceTree = "<group>"; };
		09BCD0002A247E8D00C36349 /* WXScrollerProtocol.h */ = {isa = PBXFileReference; fileEncoding = 4; lastKnownFileType = sourcecode.c.h; path = WXScrollerProtocol.h; sourceTree = "<group>"; };
		09BCD0012A247E8D00C36349 /* WXRichText.h */ = {isa = PBXFileReference; fileEncoding = 4; lastKnownFileType = sourcecode.c.h; path = WXRichText.h; sourceTree = "<group>"; };
		09BCD0022A247E8D00C36349 /* WXView.h */ = {isa = PBXFileReference; fileEncoding = 4; lastKnownFileType = sourcecode.c.h; path = WXView.h; sourceTree = "<group>"; };
		09BCD0032A247E8D00C36349 /* WXValidateProtocol.h */ = {isa = PBXFileReference; fileEncoding = 4; lastKnownFileType = sourcecode.c.h; path = WXValidateProtocol.h; sourceTree = "<group>"; };
		09BCD0042A247E8D00C36349 /* WXDefine.h */ = {isa = PBXFileReference; fileEncoding = 4; lastKnownFileType = sourcecode.c.h; path = WXDefine.h; sourceTree = "<group>"; };
		09BCD0052A247E8D00C36349 /* JSContext+Weex.h */ = {isa = PBXFileReference; fileEncoding = 4; lastKnownFileType = sourcecode.c.h; path = "JSContext+Weex.h"; sourceTree = "<group>"; };
		09BCD0062A247E8D00C36349 /* WXExtendCallNativeProtocol.h */ = {isa = PBXFileReference; fileEncoding = 4; lastKnownFileType = sourcecode.c.h; path = WXExtendCallNativeProtocol.h; sourceTree = "<group>"; };
		09BCD0072A247E8D00C36349 /* WXSDKEngine.h */ = {isa = PBXFileReference; fileEncoding = 4; lastKnownFileType = sourcecode.c.h; path = WXSDKEngine.h; sourceTree = "<group>"; };
		09BCD0082A247E8D00C36349 /* style.h */ = {isa = PBXFileReference; fileEncoding = 4; lastKnownFileType = sourcecode.c.h; path = style.h; sourceTree = "<group>"; };
		09BCD0092A247E8D00C36349 /* WXResourceRequestHandler.h */ = {isa = PBXFileReference; fileEncoding = 4; lastKnownFileType = sourcecode.c.h; path = WXResourceRequestHandler.h; sourceTree = "<group>"; };
		09BCD00A2A247E8D00C36349 /* WXDisplayLinkManager.h */ = {isa = PBXFileReference; fileEncoding = 4; lastKnownFileType = sourcecode.c.h; path = WXDisplayLinkManager.h; sourceTree = "<group>"; };
		09BCD00B2A247E8D00C36349 /* WXUtility.h */ = {isa = PBXFileReference; fileEncoding = 4; lastKnownFileType = sourcecode.c.h; path = WXUtility.h; sourceTree = "<group>"; };
		09BCD00C2A247E8D00C36349 /* WXResourceRequest.h */ = {isa = PBXFileReference; fileEncoding = 4; lastKnownFileType = sourcecode.c.h; path = WXResourceRequest.h; sourceTree = "<group>"; };
		09BCD00D2A247E8D00C36349 /* WXConvert.h */ = {isa = PBXFileReference; fileEncoding = 4; lastKnownFileType = sourcecode.c.h; path = WXConvert.h; sourceTree = "<group>"; };
		09BCD00E2A247E8D00C36349 /* WXPageEventNotifyEvent.h */ = {isa = PBXFileReference; fileEncoding = 4; lastKnownFileType = sourcecode.c.h; path = WXPageEventNotifyEvent.h; sourceTree = "<group>"; };
		09BCD00F2A247E8D00C36349 /* WXSDKInstance.h */ = {isa = PBXFileReference; fileEncoding = 4; lastKnownFileType = sourcecode.c.h; path = WXSDKInstance.h; sourceTree = "<group>"; };
		09BCD0102A247E8D00C36349 /* WXSDKManager.h */ = {isa = PBXFileReference; fileEncoding = 4; lastKnownFileType = sourcecode.c.h; path = WXSDKManager.h; sourceTree = "<group>"; };
		09BCD0112A247E8D00C36349 /* WXDebugTool.h */ = {isa = PBXFileReference; fileEncoding = 4; lastKnownFileType = sourcecode.c.h; path = WXDebugTool.h; sourceTree = "<group>"; };
		09BCD0122A247E8D00C36349 /* WXType.h */ = {isa = PBXFileReference; fileEncoding = 4; lastKnownFileType = sourcecode.c.h; path = WXType.h; sourceTree = "<group>"; };
		09BCD0132A247E8D00C36349 /* WXApmProtocol.h */ = {isa = PBXFileReference; fileEncoding = 4; lastKnownFileType = sourcecode.c.h; path = WXApmProtocol.h; sourceTree = "<group>"; };
		09BCD0142A247E8D00C36349 /* WXJSFrameworkLoadProtocol.h */ = {isa = PBXFileReference; fileEncoding = 4; lastKnownFileType = sourcecode.c.h; path = WXJSFrameworkLoadProtocol.h; sourceTree = "<group>"; };
		09BCD0152A247E8D00C36349 /* WXExceptionUtils.h */ = {isa = PBXFileReference; fileEncoding = 4; lastKnownFileType = sourcecode.c.h; path = WXExceptionUtils.h; sourceTree = "<group>"; };
		09BCD0162A247E8D00C36349 /* WXIndicatorComponent.h */ = {isa = PBXFileReference; fileEncoding = 4; lastKnownFileType = sourcecode.c.h; path = WXIndicatorComponent.h; sourceTree = "<group>"; };
		09BCD0172A247E8D00C36349 /* WXErrorView.h */ = {isa = PBXFileReference; fileEncoding = 4; lastKnownFileType = sourcecode.c.h; path = WXErrorView.h; sourceTree = "<group>"; };
		09BCD0182A247E8D00C36349 /* NSObject+WXSwizzle.h */ = {isa = PBXFileReference; fileEncoding = 4; lastKnownFileType = sourcecode.c.h; path = "NSObject+WXSwizzle.h"; sourceTree = "<group>"; };
		09BCD0192A247E8D00C36349 /* WXMonitor.h */ = {isa = PBXFileReference; fileEncoding = 4; lastKnownFileType = sourcecode.c.h; path = WXMonitor.h; sourceTree = "<group>"; };
		09BCD01A2A247E8D00C36349 /* WXSDKInstance+DCExtend.h */ = {isa = PBXFileReference; fileEncoding = 4; lastKnownFileType = sourcecode.c.h; path = "WXSDKInstance+DCExtend.h"; sourceTree = "<group>"; };
		09BCD01B2A247E8D00C36349 /* WXRecyclerComponent.h */ = {isa = PBXFileReference; fileEncoding = 4; lastKnownFileType = sourcecode.c.h; path = WXRecyclerComponent.h; sourceTree = "<group>"; };
		09BCD01C2A247E8D00C36349 /* WXScrollerComponent.h */ = {isa = PBXFileReference; fileEncoding = 4; lastKnownFileType = sourcecode.c.h; path = WXScrollerComponent.h; sourceTree = "<group>"; };
		09BCD01D2A247E8E00C36349 /* WXNetworkProtocol.h */ = {isa = PBXFileReference; fileEncoding = 4; lastKnownFileType = sourcecode.c.h; path = WXNetworkProtocol.h; sourceTree = "<group>"; };
		09BCD01E2A247E8E00C36349 /* WXTracingManager.h */ = {isa = PBXFileReference; fileEncoding = 4; lastKnownFileType = sourcecode.c.h; path = WXTracingManager.h; sourceTree = "<group>"; };
		09BCD01F2A247E8E00C36349 /* WXComponent.h */ = {isa = PBXFileReference; fileEncoding = 4; lastKnownFileType = sourcecode.c.h; path = WXComponent.h; sourceTree = "<group>"; };
		09BCD0202A247E8E00C36349 /* WXPrerenderManager.h */ = {isa = PBXFileReference; fileEncoding = 4; lastKnownFileType = sourcecode.c.h; path = WXPrerenderManager.h; sourceTree = "<group>"; };
		09BCD0212A247E8E00C36349 /* WXComponent+Layout.h */ = {isa = PBXFileReference; fileEncoding = 4; lastKnownFileType = sourcecode.c.h; path = "WXComponent+Layout.h"; sourceTree = "<group>"; };
		09BCD0222A247E8E00C36349 /* layout.h */ = {isa = PBXFileReference; fileEncoding = 4; lastKnownFileType = sourcecode.c.h; path = layout.h; sourceTree = "<group>"; };
		09BCD0232A247E8E00C36349 /* WXSDKInstance+Bridge.h */ = {isa = PBXFileReference; fileEncoding = 4; lastKnownFileType = sourcecode.c.h; path = "WXSDKInstance+Bridge.h"; sourceTree = "<group>"; };
		09BCD0242A247E8E00C36349 /* UniPluginProtocol.h */ = {isa = PBXFileReference; fileEncoding = 4; lastKnownFileType = sourcecode.c.h; path = UniPluginProtocol.h; sourceTree = "<group>"; };
		09BCD0252A247E8E00C36349 /* WXModalUIModule.h */ = {isa = PBXFileReference; fileEncoding = 4; lastKnownFileType = sourcecode.c.h; path = WXModalUIModule.h; sourceTree = "<group>"; };
		09BCD0262A247E8E00C36349 /* WXAnalyzerCenter.h */ = {isa = PBXFileReference; fileEncoding = 4; lastKnownFileType = sourcecode.c.h; path = WXAnalyzerCenter.h; sourceTree = "<group>"; };
		09BCD0272A247E8E00C36349 /* WXVoiceOverModule.h */ = {isa = PBXFileReference; fileEncoding = 4; lastKnownFileType = sourcecode.c.h; path = WXVoiceOverModule.h; sourceTree = "<group>"; };
		09BCD0282A247E8E00C36349 /* WXRootView.h */ = {isa = PBXFileReference; fileEncoding = 4; lastKnownFileType = sourcecode.c.h; path = WXRootView.h; sourceTree = "<group>"; };
		09BCD0292A247E8E00C36349 /* WXAppConfiguration.h */ = {isa = PBXFileReference; fileEncoding = 4; lastKnownFileType = sourcecode.c.h; path = WXAppConfiguration.h; sourceTree = "<group>"; };
		09BCD02A2A247E8E00C36349 /* WXListComponent.h */ = {isa = PBXFileReference; fileEncoding = 4; lastKnownFileType = sourcecode.c.h; path = WXListComponent.h; sourceTree = "<group>"; };
		09BCD02B2A247E8E00C36349 /* WXSDKError.h */ = {isa = PBXFileReference; fileEncoding = 4; lastKnownFileType = sourcecode.c.h; path = WXSDKError.h; sourceTree = "<group>"; };
		09BCD02C2A247E8E00C36349 /* WXRootViewController.h */ = {isa = PBXFileReference; fileEncoding = 4; lastKnownFileType = sourcecode.c.h; path = WXRootViewController.h; sourceTree = "<group>"; };
		09BCD02D2A247E8E00C36349 /* WXNavigationProtocol.h */ = {isa = PBXFileReference; fileEncoding = 4; lastKnownFileType = sourcecode.c.h; path = WXNavigationProtocol.h; sourceTree = "<group>"; };
		09BCD02E2A247E8E00C36349 /* WXAnalyzerProtocol.h */ = {isa = PBXFileReference; fileEncoding = 4; lastKnownFileType = sourcecode.c.h; path = WXAnalyzerProtocol.h; sourceTree = "<group>"; };
		09BCD02F2A247E8E00C36349 /* WeexSDK.h */ = {isa = PBXFileReference; fileEncoding = 4; lastKnownFileType = sourcecode.c.h; path = WeexSDK.h; sourceTree = "<group>"; };
		09BCD0302A247E8E00C36349 /* WXBridgeManager.h */ = {isa = PBXFileReference; fileEncoding = 4; lastKnownFileType = sourcecode.c.h; path = WXBridgeManager.h; sourceTree = "<group>"; };
		09BCD0312A247E8E00C36349 /* WXResourceResponse.h */ = {isa = PBXFileReference; fileEncoding = 4; lastKnownFileType = sourcecode.c.h; path = WXResourceResponse.h; sourceTree = "<group>"; };
		09BCD0322A247E8E00C36349 /* WXBaseViewController.h */ = {isa = PBXFileReference; fileEncoding = 4; lastKnownFileType = sourcecode.c.h; path = WXBaseViewController.h; sourceTree = "<group>"; };
		09BCD0332A247E8E00C36349 /* WXAppMonitorProtocol.h */ = {isa = PBXFileReference; fileEncoding = 4; lastKnownFileType = sourcecode.c.h; path = WXAppMonitorProtocol.h; sourceTree = "<group>"; };
		09BCD0342A247E8E00C36349 /* WeexProtocol.h */ = {isa = PBXFileReference; fileEncoding = 4; lastKnownFileType = sourcecode.c.h; path = WeexProtocol.h; sourceTree = "<group>"; };
		09BCD0352A247E8E00C36349 /* WXJSExceptionProtocol.h */ = {isa = PBXFileReference; fileEncoding = 4; lastKnownFileType = sourcecode.c.h; path = WXJSExceptionProtocol.h; sourceTree = "<group>"; };
		09BCD0362A247E8E00C36349 /* WXJSExceptionInfo.h */ = {isa = PBXFileReference; fileEncoding = 4; lastKnownFileType = sourcecode.c.h; path = WXJSExceptionInfo.h; sourceTree = "<group>"; };
		09BCD0372A247E8E00C36349 /* WXTracingProtocol.h */ = {isa = PBXFileReference; fileEncoding = 4; lastKnownFileType = sourcecode.c.h; path = WXTracingProtocol.h; sourceTree = "<group>"; };
		09BCD0382A247E8E00C36349 /* flex_enum.h */ = {isa = PBXFileReference; fileEncoding = 4; lastKnownFileType = sourcecode.c.h; path = flex_enum.h; sourceTree = "<group>"; };
		09BCD0392A247E8E00C36349 /* WXConfigCenterProtocol.h */ = {isa = PBXFileReference; fileEncoding = 4; lastKnownFileType = sourcecode.c.h; path = WXConfigCenterProtocol.h; sourceTree = "<group>"; };
		09BCD03A2A247E8E00C36349 /* WXEventModuleProtocol.h */ = {isa = PBXFileReference; fileEncoding = 4; lastKnownFileType = sourcecode.c.h; path = WXEventModuleProtocol.h; sourceTree = "<group>"; };
		09BCD03B2A247E8E00C36349 /* WXURLRewriteProtocol.h */ = {isa = PBXFileReference; fileEncoding = 4; lastKnownFileType = sourcecode.c.h; path = WXURLRewriteProtocol.h; sourceTree = "<group>"; };
		09BCD03C2A247E8E00C36349 /* WXAComponent.h */ = {isa = PBXFileReference; fileEncoding = 4; lastKnownFileType = sourcecode.c.h; path = WXAComponent.h; sourceTree = "<group>"; };
		09BCD03D2A247E8E00C36349 /* WXBridgeProtocol.h */ = {isa = PBXFileReference; fileEncoding = 4; lastKnownFileType = sourcecode.c.h; path = WXBridgeProtocol.h; sourceTree = "<group>"; };
		09BCD03E2A247E8E00C36349 /* DCUniMPError.h */ = {isa = PBXFileReference; fileEncoding = 4; lastKnownFileType = sourcecode.c.h; path = DCUniMPError.h; sourceTree = "<group>"; };
		09BCD03F2A247E8E00C36349 /* DCUniMPMenuActionSheetStyle.h */ = {isa = PBXFileReference; fileEncoding = 4; lastKnownFileType = sourcecode.c.h; path = DCUniMPMenuActionSheetStyle.h; sourceTree = "<group>"; };
		09BCD08D2A24802600C36349 /* __uniappes6.js */ = {isa = PBXFileReference; fileEncoding = 4; lastKnownFileType = sourcecode.javascript; path = __uniappes6.js; sourceTree = "<group>"; };
		09BCD08E2A24802600C36349 /* uni-jsframework.js */ = {isa = PBXFileReference; fileEncoding = 4; lastKnownFileType = sourcecode.javascript; path = "uni-jsframework.js"; sourceTree = "<group>"; };
		09BCD08F2A24802600C36349 /* PandoraApi.bundle */ = {isa = PBXFileReference; lastKnownFileType = "wrapper.plug-in"; path = PandoraApi.bundle; sourceTree = "<group>"; };
		09BCD0902A24802600C36349 /* uni-jsframework-vue3.js */ = {isa = PBXFileReference; fileEncoding = 4; lastKnownFileType = sourcecode.javascript; path = "uni-jsframework-vue3.js"; sourceTree = "<group>"; };
		09BCD0912A24802600C36349 /* unincomponents.ttf */ = {isa = PBXFileReference; lastKnownFileType = file; path = unincomponents.ttf; sourceTree = "<group>"; };
		09BCD0922A24802600C36349 /* weex-polyfill.js */ = {isa = PBXFileReference; fileEncoding = 4; lastKnownFileType = sourcecode.javascript; path = "weex-polyfill.js"; sourceTree = "<group>"; };
		09BCD0932A24802600C36349 /* weexUniJs.js */ = {isa = PBXFileReference; fileEncoding = 4; lastKnownFileType = sourcecode.javascript; path = weexUniJs.js; sourceTree = "<group>"; };
		09BCD0AB2A24819800C36349 /* liblibUI.a */ = {isa = PBXFileReference; lastKnownFileType = archive.ar; name = liblibUI.a; path = Libs/liblibUI.a; sourceTree = "<group>"; };
		09BCD0AC2A24819800C36349 /* liblibNativeUI.a */ = {isa = PBXFileReference; lastKnownFileType = archive.ar; name = liblibNativeUI.a; path = Libs/liblibNativeUI.a; sourceTree = "<group>"; };
		09BCD0AD2A24819800C36349 /* liblibIO.a */ = {isa = PBXFileReference; lastKnownFileType = archive.ar; name = liblibIO.a; path = Libs/liblibIO.a; sourceTree = "<group>"; };
		09BCD0AE2A24819800C36349 /* liblibPDRCore.a */ = {isa = PBXFileReference; lastKnownFileType = archive.ar; name = liblibPDRCore.a; path = Libs/liblibPDRCore.a; sourceTree = "<group>"; };
		09BCD0AF2A24819800C36349 /* libSDWebImage.a */ = {isa = PBXFileReference; lastKnownFileType = archive.ar; name = libSDWebImage.a; path = Libs/libSDWebImage.a; sourceTree = "<group>"; };
		09BCD0B02A24819800C36349 /* liblibWeex.a */ = {isa = PBXFileReference; lastKnownFileType = archive.ar; name = liblibWeex.a; path = Libs/liblibWeex.a; sourceTree = "<group>"; };
		09BCD0B12A24819800C36349 /* storage.framework */ = {isa = PBXFileReference; lastKnownFileType = wrapper.framework; name = storage.framework; path = Libs/storage.framework; sourceTree = "<group>"; };
		09BCD0B22A24819800C36349 /* liblibNativeObj.a */ = {isa = PBXFileReference; lastKnownFileType = archive.ar; name = liblibNativeObj.a; path = Libs/liblibNativeObj.a; sourceTree = "<group>"; };
		09BCD0B32A24819800C36349 /* liblibStorage.a */ = {isa = PBXFileReference; lastKnownFileType = archive.ar; name = liblibStorage.a; path = Libs/liblibStorage.a; sourceTree = "<group>"; };
		09BCD0B42A24819800C36349 /* liblibNavigator.a */ = {isa = PBXFileReference; lastKnownFileType = archive.ar; name = liblibNavigator.a; path = Libs/liblibNavigator.a; sourceTree = "<group>"; };
		09BCD0C02A2489DA00C36349 /* JavaScriptCore.framework */ = {isa = PBXFileReference; lastKnownFileType = wrapper.framework; name = JavaScriptCore.framework; path = Platforms/MacOSX.platform/Developer/SDKs/MacOSX13.3.sdk/System/iOSSupport/System/Library/Frameworks/JavaScriptCore.framework; sourceTree = DEVELOPER_DIR; };
		09BCD0C22A2489E000C36349 /* CoreMedia.framework */ = {isa = PBXFileReference; lastKnownFileType = wrapper.framework; name = CoreMedia.framework; path = Platforms/MacOSX.platform/Developer/SDKs/MacOSX13.3.sdk/System/Library/Frameworks/CoreMedia.framework; sourceTree = DEVELOPER_DIR; };
		09BCD0C42A2489E400C36349 /* MediaPlayer.framework */ = {isa = PBXFileReference; lastKnownFileType = wrapper.framework; name = MediaPlayer.framework; path = Platforms/MacOSX.platform/Developer/SDKs/MacOSX13.3.sdk/System/iOSSupport/System/Library/Frameworks/MediaPlayer.framework; sourceTree = DEVELOPER_DIR; };
		09BCD0C62A2489E900C36349 /* AVFoundation.framework */ = {isa = PBXFileReference; lastKnownFileType = wrapper.framework; name = AVFoundation.framework; path = Platforms/MacOSX.platform/Developer/SDKs/MacOSX13.3.sdk/System/Library/Frameworks/AVFoundation.framework; sourceTree = DEVELOPER_DIR; };
		09BCD0C82A2489EE00C36349 /* AVKit.framework */ = {isa = PBXFileReference; lastKnownFileType = wrapper.framework; name = AVKit.framework; path = Platforms/MacOSX.platform/Developer/SDKs/MacOSX13.3.sdk/System/iOSSupport/System/Library/Frameworks/AVKit.framework; sourceTree = DEVELOPER_DIR; };
		09BCD0CA2A2489F300C36349 /* GLKit.framework */ = {isa = PBXFileReference; lastKnownFileType = wrapper.framework; name = GLKit.framework; path = System/Library/Frameworks/GLKit.framework; sourceTree = SDKROOT; };
		09BCD0CC2A2489F800C36349 /* OpenGLES.framework */ = {isa = PBXFileReference; lastKnownFileType = wrapper.framework; name = OpenGLES.framework; path = System/Library/Frameworks/OpenGLES.framework; sourceTree = SDKROOT; };
		09BCD0CE2A2489FD00C36349 /* CoreText.framework */ = {isa = PBXFileReference; lastKnownFileType = wrapper.framework; name = CoreText.framework; path = Platforms/MacOSX.platform/Developer/SDKs/MacOSX13.3.sdk/System/Library/Frameworks/CoreText.framework; sourceTree = DEVELOPER_DIR; };
		09BCD0D02A248A0200C36349 /* QuartzCore.framework */ = {isa = PBXFileReference; lastKnownFileType = wrapper.framework; name = QuartzCore.framework; path = Platforms/MacOSX.platform/Developer/SDKs/MacOSX13.3.sdk/System/Library/Frameworks/QuartzCore.framework; sourceTree = DEVELOPER_DIR; };
		09BCD0D22A248A0600C36349 /* CoreGraphics.framework */ = {isa = PBXFileReference; lastKnownFileType = wrapper.framework; name = CoreGraphics.framework; path = Platforms/MacOSX.platform/Developer/SDKs/MacOSX13.3.sdk/System/Library/Frameworks/CoreGraphics.framework; sourceTree = DEVELOPER_DIR; };
		09BCD0D42A248A0D00C36349 /* libc++.tbd */ = {isa = PBXFileReference; lastKnownFileType = "sourcecode.text-based-dylib-definition"; name = "libc++.tbd"; path = "Platforms/MacOSX.platform/Developer/SDKs/MacOSX13.3.sdk/usr/lib/libc++.tbd"; sourceTree = DEVELOPER_DIR; };
		09BCD0D62A248A1200C36349 /* QuickLook.framework */ = {isa = PBXFileReference; lastKnownFileType = wrapper.framework; name = QuickLook.framework; path = Platforms/MacOSX.platform/Developer/SDKs/MacOSX13.3.sdk/System/iOSSupport/System/Library/Frameworks/QuickLook.framework; sourceTree = DEVELOPER_DIR; };
		09BCD0D82A248A1900C36349 /* CoreTelephony.framework */ = {isa = PBXFileReference; lastKnownFileType = wrapper.framework; name = CoreTelephony.framework; path = Platforms/MacOSX.platform/Developer/SDKs/MacOSX13.3.sdk/System/Library/Frameworks/CoreTelephony.framework; sourceTree = DEVELOPER_DIR; };
		09BCD0DA2A248A1E00C36349 /* libiconv.tbd */ = {isa = PBXFileReference; lastKnownFileType = "sourcecode.text-based-dylib-definition"; name = libiconv.tbd; path = Platforms/MacOSX.platform/Developer/SDKs/MacOSX13.3.sdk/usr/lib/libiconv.tbd; sourceTree = DEVELOPER_DIR; };
		134814201AA4EA6300B7C361 /* libUniMP.a */ = {isa = PBXFileReference; explicitFileType = archive.ar; includeInIndex = 0; path = libUniMP.a; sourceTree = BUILT_PRODUCTS_DIR; };
		B3E7B5881CC2AC0600A0062D /* UniMP.h */ = {isa = PBXFileReference; fileEncoding = 4; lastKnownFileType = sourcecode.c.h; path = UniMP.h; sourceTree = "<group>"; };
		B3E7B5891CC2AC0600A0062D /* UniMP.m */ = {isa = PBXFileReference; fileEncoding = 4; lastKnownFileType = sourcecode.c.objc; path = UniMP.m; sourceTree = "<group>"; };
/* End PBXFileReference section */

/* Begin PBXFrameworksBuildPhase section */
		58B511D81A9E6C8500147676 /* Frameworks */ = {
			isa = PBXFrameworksBuildPhase;
			buildActionMask = 2147483647;
			files = (
				09BCD0DB2A248A1E00C36349 /* libiconv.tbd in Frameworks */,
				09BCD0D92A248A1900C36349 /* CoreTelephony.framework in Frameworks */,
				09BCD0D72A248A1200C36349 /* QuickLook.framework in Frameworks */,
				09BCD0D52A248A0D00C36349 /* libc++.tbd in Frameworks */,
				09BCD0D32A248A0600C36349 /* CoreGraphics.framework in Frameworks */,
				09BCD0D12A248A0200C36349 /* QuartzCore.framework in Frameworks */,
				09BCD0CF2A2489FD00C36349 /* CoreText.framework in Frameworks */,
				09BCD0CD2A2489F800C36349 /* OpenGLES.framework in Frameworks */,
				09BCD0CB2A2489F300C36349 /* GLKit.framework in Frameworks */,
				09BCD0C92A2489EE00C36349 /* AVKit.framework in Frameworks */,
				09BCD0C72A2489E900C36349 /* AVFoundation.framework in Frameworks */,
				09BCD0C52A2489E400C36349 /* MediaPlayer.framework in Frameworks */,
				09BCD0C32A2489E000C36349 /* CoreMedia.framework in Frameworks */,
				09BCD0C12A2489DA00C36349 /* JavaScriptCore.framework in Frameworks */,
				09BCD0B62A24819800C36349 /* liblibUI.a in Frameworks */,
				09BCD0B72A24819800C36349 /* liblibNativeUI.a in Frameworks */,
				09BCD0B82A24819800C36349 /* liblibIO.a in Frameworks */,
				09BCD0B92A24819800C36349 /* liblibPDRCore.a in Frameworks */,
				09BCD0BA2A24819800C36349 /* libSDWebImage.a in Frameworks */,
				09BCD0BB2A24819800C36349 /* liblibWeex.a in Frameworks */,
				09BCD0BC2A24819800C36349 /* storage.framework in Frameworks */,
				09BCD0BD2A24819800C36349 /* liblibNativeObj.a in Frameworks */,
				09BCD0BE2A24819800C36349 /* liblibStorage.a in Frameworks */,
				09BCD0BF2A24819800C36349 /* liblibNavigator.a in Frameworks */,
			);
			runOnlyForDeploymentPostprocessing = 0;
		};
/* End PBXFrameworksBuildPhase section */

/* Begin PBXGroup section */
		092E73FA29FB664B004F104A /* Frameworks */ = {
			isa = PBXGroup;
			children = (
				09BCD0DA2A248A1E00C36349 /* libiconv.tbd */,
				09BCD0D82A248A1900C36349 /* CoreTelephony.framework */,
				09BCD0D62A248A1200C36349 /* QuickLook.framework */,
				09BCD0D42A248A0D00C36349 /* libc++.tbd */,
				09BCD0D22A248A0600C36349 /* CoreGraphics.framework */,
				09BCD0D02A248A0200C36349 /* QuartzCore.framework */,
				09BCD0CE2A2489FD00C36349 /* CoreText.framework */,
				09BCD0CC2A2489F800C36349 /* OpenGLES.framework */,
				09BCD0CA2A2489F300C36349 /* GLKit.framework */,
				09BCD0C82A2489EE00C36349 /* AVKit.framework */,
				09BCD0C62A2489E900C36349 /* AVFoundation.framework */,
				09BCD0C42A2489E400C36349 /* MediaPlayer.framework */,
				09BCD0C22A2489E000C36349 /* CoreMedia.framework */,
				09BCD0C02A2489DA00C36349 /* JavaScriptCore.framework */,
				09BCD0AD2A24819800C36349 /* liblibIO.a */,
				09BCD0B22A24819800C36349 /* liblibNativeObj.a */,
				09BCD0AC2A24819800C36349 /* liblibNativeUI.a */,
				09BCD0B42A24819800C36349 /* liblibNavigator.a */,
				09BCD0AE2A24819800C36349 /* liblibPDRCore.a */,
				09BCD0B32A24819800C36349 /* liblibStorage.a */,
				09BCD0AB2A24819800C36349 /* liblibUI.a */,
				09BCD0B02A24819800C36349 /* liblibWeex.a */,
				09BCD0AF2A24819800C36349 /* libSDWebImage.a */,
				09BCD0B12A24819800C36349 /* storage.framework */,
			);
			name = Frameworks;
			sourceTree = "<group>";
		};
		09BCCFF42A247E8D00C36349 /* Headers */ = {
			isa = PBXGroup;
			children = (
				09BCCFF52A247E8D00C36349 /* DCUniMPSDKEngine.h */,
				09BCCFF62A247E8D00C36349 /* DCUniMP.h */,
				09BCCFF72A247E8D00C36349 /* DCUniMPConfiguration.h */,
				09BCCFF82A247E8D00C36349 /* DCUniMPInstance.h */,
				09BCCFF92A247E8D00C36349 /* weexHeader */,
				09BCD03E2A247E8E00C36349 /* DCUniMPError.h */,
				09BCD03F2A247E8E00C36349 /* DCUniMPMenuActionSheetStyle.h */,
			);
			path = Headers;
			sourceTree = "<group>";
		};
		09BCCFF92A247E8D00C36349 /* weexHeader */ = {
			isa = PBXGroup;
			children = (
				09BCCFFA2A247E8D00C36349 /* WXModuleProtocol.h */,
				09BCCFFB2A247E8D00C36349 /* WXResourceLoader.h */,
				09BCCFFC2A247E8D00C36349 /* WXApmForInstance.h */,
				09BCCFFD2A247E8D00C36349 /* WXWebSocketHandler.h */,
				09BCCFFE2A247E8D00C36349 /* WXImgLoaderProtocol.h */,
				09BCCFFF2A247E8D00C36349 /* WXComponentManager.h */,
				09BCD0002A247E8D00C36349 /* WXScrollerProtocol.h */,
				09BCD0012A247E8D00C36349 /* WXRichText.h */,
				09BCD0022A247E8D00C36349 /* WXView.h */,
				09BCD0032A247E8D00C36349 /* WXValidateProtocol.h */,
				09BCD0042A247E8D00C36349 /* WXDefine.h */,
				09BCD0052A247E8D00C36349 /* JSContext+Weex.h */,
				09BCD0062A247E8D00C36349 /* WXExtendCallNativeProtocol.h */,
				09BCD0072A247E8D00C36349 /* WXSDKEngine.h */,
				09BCD0082A247E8D00C36349 /* style.h */,
				09BCD0092A247E8D00C36349 /* WXResourceRequestHandler.h */,
				09BCD00A2A247E8D00C36349 /* WXDisplayLinkManager.h */,
				09BCD00B2A247E8D00C36349 /* WXUtility.h */,
				09BCD00C2A247E8D00C36349 /* WXResourceRequest.h */,
				09BCD00D2A247E8D00C36349 /* WXConvert.h */,
				09BCD00E2A247E8D00C36349 /* WXPageEventNotifyEvent.h */,
				09BCD00F2A247E8D00C36349 /* WXSDKInstance.h */,
				09BCD0102A247E8D00C36349 /* WXSDKManager.h */,
				09BCD0112A247E8D00C36349 /* WXDebugTool.h */,
				09BCD0122A247E8D00C36349 /* WXType.h */,
				09BCD0132A247E8D00C36349 /* WXApmProtocol.h */,
				09BCD0142A247E8D00C36349 /* WXJSFrameworkLoadProtocol.h */,
				09BCD0152A247E8D00C36349 /* WXExceptionUtils.h */,
				09BCD0162A247E8D00C36349 /* WXIndicatorComponent.h */,
				09BCD0172A247E8D00C36349 /* WXErrorView.h */,
				09BCD0182A247E8D00C36349 /* NSObject+WXSwizzle.h */,
				09BCD0192A247E8D00C36349 /* WXMonitor.h */,
				09BCD01A2A247E8D00C36349 /* WXSDKInstance+DCExtend.h */,
				09BCD01B2A247E8D00C36349 /* WXRecyclerComponent.h */,
				09BCD01C2A247E8D00C36349 /* WXScrollerComponent.h */,
				09BCD01D2A247E8E00C36349 /* WXNetworkProtocol.h */,
				09BCD01E2A247E8E00C36349 /* WXTracingManager.h */,
				09BCD01F2A247E8E00C36349 /* WXComponent.h */,
				09BCD0202A247E8E00C36349 /* WXPrerenderManager.h */,
				09BCD0212A247E8E00C36349 /* WXComponent+Layout.h */,
				09BCD0222A247E8E00C36349 /* layout.h */,
				09BCD0232A247E8E00C36349 /* WXSDKInstance+Bridge.h */,
				09BCD0242A247E8E00C36349 /* UniPluginProtocol.h */,
				09BCD0252A247E8E00C36349 /* WXModalUIModule.h */,
				09BCD0262A247E8E00C36349 /* WXAnalyzerCenter.h */,
				09BCD0272A247E8E00C36349 /* WXVoiceOverModule.h */,
				09BCD0282A247E8E00C36349 /* WXRootView.h */,
				09BCD0292A247E8E00C36349 /* WXAppConfiguration.h */,
				09BCD02A2A247E8E00C36349 /* WXListComponent.h */,
				09BCD02B2A247E8E00C36349 /* WXSDKError.h */,
				09BCD02C2A247E8E00C36349 /* WXRootViewController.h */,
				09BCD02D2A247E8E00C36349 /* WXNavigationProtocol.h */,
				09BCD02E2A247E8E00C36349 /* WXAnalyzerProtocol.h */,
				09BCD02F2A247E8E00C36349 /* WeexSDK.h */,
				09BCD0302A247E8E00C36349 /* WXBridgeManager.h */,
				09BCD0312A247E8E00C36349 /* WXResourceResponse.h */,
				09BCD0322A247E8E00C36349 /* WXBaseViewController.h */,
				09BCD0332A247E8E00C36349 /* WXAppMonitorProtocol.h */,
				09BCD0342A247E8E00C36349 /* WeexProtocol.h */,
				09BCD0352A247E8E00C36349 /* WXJSExceptionProtocol.h */,
				09BCD0362A247E8E00C36349 /* WXJSExceptionInfo.h */,
				09BCD0372A247E8E00C36349 /* WXTracingProtocol.h */,
				09BCD0382A247E8E00C36349 /* flex_enum.h */,
				09BCD0392A247E8E00C36349 /* WXConfigCenterProtocol.h */,
				09BCD03A2A247E8E00C36349 /* WXEventModuleProtocol.h */,
				09BCD03B2A247E8E00C36349 /* WXURLRewriteProtocol.h */,
				09BCD03C2A247E8E00C36349 /* WXAComponent.h */,
				09BCD03D2A247E8E00C36349 /* WXBridgeProtocol.h */,
			);
			path = weexHeader;
			sourceTree = "<group>";
		};
		09BCD08C2A24802600C36349 /* Resources */ = {
			isa = PBXGroup;
			children = (
				09BCD08D2A24802600C36349 /* __uniappes6.js */,
				09BCD08E2A24802600C36349 /* uni-jsframework.js */,
				09BCD08F2A24802600C36349 /* PandoraApi.bundle */,
				09BCD0902A24802600C36349 /* uni-jsframework-vue3.js */,
				09BCD0912A24802600C36349 /* unincomponents.ttf */,
				09BCD0922A24802600C36349 /* weex-polyfill.js */,
				09BCD0932A24802600C36349 /* weexUniJs.js */,
			);
			path = Resources;
			sourceTree = "<group>";
		};
		134814211AA4EA7D00B7C361 /* Products */ = {
			isa = PBXGroup;
			children = (
				134814201AA4EA6300B7C361 /* libUniMP.a */,
			);
			name = Products;
			sourceTree = "<group>";
		};
		58B511D21A9E6C8500147676 = {
			isa = PBXGroup;
			children = (
				B3E7B5881CC2AC0600A0062D /* UniMP.h */,
				B3E7B5891CC2AC0600A0062D /* UniMP.m */,
				09BCCFF42A247E8D00C36349 /* Headers */,
				09BCD08C2A24802600C36349 /* Resources */,
				134814211AA4EA7D00B7C361 /* Products */,
				092E73FA29FB664B004F104A /* Frameworks */,
			);
			sourceTree = "<group>";
		};
/* End PBXGroup section */

/* Begin PBXNativeTarget section */
		58B511DA1A9E6C8500147676 /* UniMP */ = {
			isa = PBXNativeTarget;
			buildConfigurationList = 58B511EF1A9E6C8500147676 /* Build configuration list for PBXNativeTarget "UniMP" */;
			buildPhases = (
				58B511D71A9E6C8500147676 /* Sources */,
				58B511D81A9E6C8500147676 /* Frameworks */,
				58B511D91A9E6C8500147676 /* CopyFiles */,
			);
			buildRules = (
			);
			dependencies = (
			);
			name = UniMP;
			productName = RCTDataManager;
			productReference = 134814201AA4EA6300B7C361 /* libUniMP.a */;
			productType = "com.apple.product-type.library.static";
		};
/* End PBXNativeTarget section */

/* Begin PBXProject section */
		58B511D31A9E6C8500147676 /* Project object */ = {
			isa = PBXProject;
			attributes = {
				LastUpgradeCheck = 0920;
				ORGANIZATIONNAME = Facebook;
				TargetAttributes = {
					58B511DA1A9E6C8500147676 = {
						CreatedOnToolsVersion = 6.1.1;
					};
				};
			};
			buildConfigurationList = 58B511D61A9E6C8500147676 /* Build configuration list for PBXProject "UniMP" */;
			compatibilityVersion = "Xcode 3.2";
			developmentRegion = English;
			hasScannedForEncodings = 0;
			knownRegions = (
				English,
				en,
			);
			mainGroup = 58B511D21A9E6C8500147676;
			productRefGroup = 58B511D21A9E6C8500147676;
			projectDirPath = "";
			projectRoot = "";
			targets = (
				58B511DA1A9E6C8500147676 /* UniMP */,
			);
		};
/* End PBXProject section */

/* Begin PBXSourcesBuildPhase section */
		58B511D71A9E6C8500147676 /* Sources */ = {
			isa = PBXSourcesBuildPhase;
			buildActionMask = 2147483647;
			files = (
				09BCE5852A208C6D008320A3 /* UniMP.m in Sources */,
			);
			runOnlyForDeploymentPostprocessing = 0;
		};
/* End PBXSourcesBuildPhase section */

/* Begin XCBuildConfiguration section */
		58B511ED1A9E6C8500147676 /* Debug */ = {
			isa = XCBuildConfiguration;
			buildSettings = {
				ALWAYS_SEARCH_USER_PATHS = NO;
				CLANG_CXX_LANGUAGE_STANDARD = "gnu++0x";
				CLANG_CXX_LIBRARY = "libc++";
				CLANG_ENABLE_MODULES = YES;
				CLANG_ENABLE_OBJC_ARC = YES;
				CLANG_WARN_BLOCK_CAPTURE_AUTORELEASING = YES;
				CLANG_WARN_BOOL_CONVERSION = YES;
				CLANG_WARN_COMMA = YES;
				CLANG_WARN_CONSTANT_CONVERSION = YES;
				CLANG_WARN_DIRECT_OBJC_ISA_USAGE = YES_ERROR;
				CLANG_WARN_EMPTY_BODY = YES;
				CLANG_WARN_ENUM_CONVERSION = YES;
				CLANG_WARN_INFINITE_RECURSION = YES;
				CLANG_WARN_INT_CONVERSION = YES;
				CLANG_WARN_NON_LITERAL_NULL_CONVERSION = YES;
				CLANG_WARN_OBJC_LITERAL_CONVERSION = YES;
				CLANG_WARN_OBJC_ROOT_CLASS = YES_ERROR;
				CLANG_WARN_RANGE_LOOP_ANALYSIS = YES;
				CLANG_WARN_STRICT_PROTOTYPES = YES;
				CLANG_WARN_SUSPICIOUS_MOVE = YES;
				CLANG_WARN_UNREACHABLE_CODE = YES;
				CLANG_WARN__DUPLICATE_METHOD_MATCH = YES;
				COPY_PHASE_STRIP = NO;
				ENABLE_STRICT_OBJC_MSGSEND = YES;
				ENABLE_TESTABILITY = YES;
				"EXCLUDED_ARCHS[sdk=*]" = arm64;
				GCC_C_LANGUAGE_STANDARD = gnu99;
				GCC_DYNAMIC_NO_PIC = NO;
				GCC_NO_COMMON_BLOCKS = YES;
				GCC_OPTIMIZATION_LEVEL = 0;
				GCC_PREPROCESSOR_DEFINITIONS = (
					"DEBUG=1",
					"$(inherited)",
				);
				GCC_SYMBOLS_PRIVATE_EXTERN = NO;
				GCC_WARN_64_TO_32_BIT_CONVERSION = YES;
				GCC_WARN_ABOUT_RETURN_TYPE = YES_ERROR;
				GCC_WARN_UNDECLARED_SELECTOR = YES;
				GCC_WARN_UNINITIALIZED_AUTOS = YES_AGGRESSIVE;
				GCC_WARN_UNUSED_FUNCTION = YES;
				GCC_WARN_UNUSED_VARIABLE = YES;
				IPHONEOS_DEPLOYMENT_TARGET = 8.0;
				MTL_ENABLE_DEBUG_INFO = YES;
				ONLY_ACTIVE_ARCH = YES;
				SDKROOT = iphoneos;
			};
			name = Debug;
		};
		58B511EE1A9E6C8500147676 /* Release */ = {
			isa = XCBuildConfiguration;
			buildSettings = {
				ALWAYS_SEARCH_USER_PATHS = NO;
				CLANG_CXX_LANGUAGE_STANDARD = "gnu++0x";
				CLANG_CXX_LIBRARY = "libc++";
				CLANG_ENABLE_MODULES = YES;
				CLANG_ENABLE_OBJC_ARC = YES;
				CLANG_WARN_BLOCK_CAPTURE_AUTORELEASING = YES;
				CLANG_WARN_BOOL_CONVERSION = YES;
				CLANG_WARN_COMMA = YES;
				CLANG_WARN_CONSTANT_CONVERSION = YES;
				CLANG_WARN_DIRECT_OBJC_ISA_USAGE = YES_ERROR;
				CLANG_WARN_EMPTY_BODY = YES;
				CLANG_WARN_ENUM_CONVERSION = YES;
				CLANG_WARN_INFINITE_RECURSION = YES;
				CLANG_WARN_INT_CONVERSION = YES;
				CLANG_WARN_NON_LITERAL_NULL_CONVERSION = YES;
				CLANG_WARN_OBJC_LITERAL_CONVERSION = YES;
				CLANG_WARN_OBJC_ROOT_CLASS = YES_ERROR;
				CLANG_WARN_RANGE_LOOP_ANALYSIS = YES;
				CLANG_WARN_STRICT_PROTOTYPES = YES;
				CLANG_WARN_SUSPICIOUS_MOVE = YES;
				CLANG_WARN_UNREACHABLE_CODE = YES;
				CLANG_WARN__DUPLICATE_METHOD_MATCH = YES;
				COPY_PHASE_STRIP = YES;
				ENABLE_NS_ASSERTIONS = NO;
				ENABLE_STRICT_OBJC_MSGSEND = YES;
				"EXCLUDED_ARCHS[sdk=*]" = arm64;
				GCC_C_LANGUAGE_STANDARD = gnu99;
				GCC_NO_COMMON_BLOCKS = YES;
				GCC_WARN_64_TO_32_BIT_CONVERSION = YES;
				GCC_WARN_ABOUT_RETURN_TYPE = YES_ERROR;
				GCC_WARN_UNDECLARED_SELECTOR = YES;
				GCC_WARN_UNINITIALIZED_AUTOS = YES_AGGRESSIVE;
				GCC_WARN_UNUSED_FUNCTION = YES;
				GCC_WARN_UNUSED_VARIABLE = YES;
				IPHONEOS_DEPLOYMENT_TARGET = 8.0;
				MTL_ENABLE_DEBUG_INFO = NO;
				SDKROOT = iphoneos;
				VALIDATE_PRODUCT = YES;
			};
			name = Release;
		};
		58B511F01A9E6C8500147676 /* Debug */ = {
			isa = XCBuildConfiguration;
			buildSettings = {
				"EXCLUDED_ARCHS[sdk=*]" = "";
				FRAMEWORK_SEARCH_PATHS = (
					"$(inherited)",
					"$(PROJECT_DIR)/Libs",
				);
				HEADER_SEARCH_PATHS = (
					"$(inherited)",
					/Applications/Xcode.app/Contents/Developer/Toolchains/XcodeDefault.xctoolchain/usr/include,
					"$(SRCROOT)/../../../React/**",
					"$(SRCROOT)/../../react-native/React/**",
				);
				LIBRARY_SEARCH_PATHS = (
					"$(inherited)",
					"$(PROJECT_DIR)/Libs",
				);
				OTHER_CFLAGS = "-fno-objc-msgsend-selector-stubs";
				OTHER_LDFLAGS = (
					"$(inherited)",
					"-ObjC",
				);
				PRODUCT_NAME = UniMP;
				SKIP_INSTALL = YES;
			};
			name = Debug;
		};
		58B511F11A9E6C8500147676 /* Release */ = {
			isa = XCBuildConfiguration;
			buildSettings = {
				"EXCLUDED_ARCHS[sdk=*]" = "";
				FRAMEWORK_SEARCH_PATHS = (
					"$(inherited)",
					"$(PROJECT_DIR)/Libs",
				);
				HEADER_SEARCH_PATHS = (
					"$(inherited)",
					/Applications/Xcode.app/Contents/Developer/Toolchains/XcodeDefault.xctoolchain/usr/include,
					"$(SRCROOT)/../../../React/**",
					"$(SRCROOT)/../../react-native/React/**",
				);
				LIBRARY_SEARCH_PATHS = (
					"$(inherited)",
					"$(PROJECT_DIR)/Libs",
				);
				OTHER_CFLAGS = "-fno-objc-msgsend-selector-stubs";
				OTHER_LDFLAGS = (
					"$(inherited)",
					"-ObjC",
				);
				PRODUCT_NAME = UniMP;
				SKIP_INSTALL = YES;
			};
			name = Release;
		};
/* End XCBuildConfiguration section */

/* Begin XCConfigurationList section */
		58B511D61A9E6C8500147676 /* Build configuration list for PBXProject "UniMP" */ = {
			isa = XCConfigurationList;
			buildConfigurations = (
				58B511ED1A9E6C8500147676 /* Debug */,
				58B511EE1A9E6C8500147676 /* Release */,
			);
			defaultConfigurationIsVisible = 0;
			defaultConfigurationName = Release;
		};
		58B511EF1A9E6C8500147676 /* Build configuration list for PBXNativeTarget "UniMP" */ = {
			isa = XCConfigurationList;
			buildConfigurations = (
				58B511F01A9E6C8500147676 /* Debug */,
				58B511F11A9E6C8500147676 /* Release */,
			);
			defaultConfigurationIsVisible = 0;
			defaultConfigurationName = Release;
		};
/* End XCConfigurationList section */
	};
	rootObject = 58B511D31A9E6C8500147676 /* Project object */;
}
